// !$*UTF8*$!
{
	archiveVersion = 1;
	classes = {
	};
	objectVersion = 55;
	objects = {

/* Begin PBXBuildFile section */
		4CA166DF27933A550007248A /* PodestApp.swift in Sources */ = {isa = PBXBuildFile; fileRef = 4CA166DE27933A550007248A /* PodestApp.swift */; };
		4CA166E127933A550007248A /* ContentView.swift in Sources */ = {isa = PBXBuildFile; fileRef = 4CA166E027933A550007248A /* ContentView.swift */; };
		4CA166E327933A560007248A /* Assets.xcassets in Resources */ = {isa = PBXBuildFile; fileRef = 4CA166E227933A560007248A /* Assets.xcassets */; };
		4CA166E627933A560007248A /* Preview Assets.xcassets in Resources */ = {isa = PBXBuildFile; fileRef = 4CA166E527933A560007248A /* Preview Assets.xcassets */; };
		4CA166F027933A560007248A /* PodestTests.swift in Sources */ = {isa = PBXBuildFile; fileRef = 4CA166EF27933A560007248A /* PodestTests.swift */; };
		4CA166FA27933A560007248A /* PodestUITests.swift in Sources */ = {isa = PBXBuildFile; fileRef = 4CA166F927933A560007248A /* PodestUITests.swift */; };
		4CA166FC27933A560007248A /* PodestUITestsLaunchTests.swift in Sources */ = {isa = PBXBuildFile; fileRef = 4CA166FB27933A560007248A /* PodestUITestsLaunchTests.swift */; };
		4CA1670027933A560007248A /* Podest WatchKit App.app in Embed Watch Content */ = {isa = PBXBuildFile; fileRef = 4CA166FF27933A560007248A /* Podest WatchKit App.app */; settings = {ATTRIBUTES = (RemoveHeadersOnCopy, ); }; };
		4CA1670527933A560007248A /* Assets.xcassets in Resources */ = {isa = PBXBuildFile; fileRef = 4CA1670427933A560007248A /* Assets.xcassets */; };
		4CA1670B27933A560007248A /* Podest WatchKit Extension.appex in Embed App Extensions */ = {isa = PBXBuildFile; fileRef = 4CA1670A27933A560007248A /* Podest WatchKit Extension.appex */; settings = {ATTRIBUTES = (RemoveHeadersOnCopy, ); }; };
		4CA1671027933A560007248A /* PodestApp.swift in Sources */ = {isa = PBXBuildFile; fileRef = 4CA1670F27933A560007248A /* PodestApp.swift */; };
		4CA1671227933A560007248A /* ContentView.swift in Sources */ = {isa = PBXBuildFile; fileRef = 4CA1671127933A560007248A /* ContentView.swift */; };
		4CA1671427933A560007248A /* NotificationController.swift in Sources */ = {isa = PBXBuildFile; fileRef = 4CA1671327933A560007248A /* NotificationController.swift */; };
		4CA1671627933A560007248A /* NotificationView.swift in Sources */ = {isa = PBXBuildFile; fileRef = 4CA1671527933A560007248A /* NotificationView.swift */; };
		4CA1671827933A560007248A /* ComplicationController.swift in Sources */ = {isa = PBXBuildFile; fileRef = 4CA1671727933A560007248A /* ComplicationController.swift */; };
		4CA1671A27933A570007248A /* Assets.xcassets in Resources */ = {isa = PBXBuildFile; fileRef = 4CA1671927933A570007248A /* Assets.xcassets */; };
		4CA1671D27933A570007248A /* Preview Assets.xcassets in Resources */ = {isa = PBXBuildFile; fileRef = 4CA1671C27933A570007248A /* Preview Assets.xcassets */; };
		4CA1672927933A570007248A /* Podest_WatchKit_AppTests.swift in Sources */ = {isa = PBXBuildFile; fileRef = 4CA1672827933A570007248A /* Podest_WatchKit_AppTests.swift */; };
		4CA1673327933A570007248A /* Podest_WatchKit_AppUITests.swift in Sources */ = {isa = PBXBuildFile; fileRef = 4CA1673227933A570007248A /* Podest_WatchKit_AppUITests.swift */; };
		4CA1673527933A570007248A /* Podest_WatchKit_AppUITestsLaunchTests.swift in Sources */ = {isa = PBXBuildFile; fileRef = 4CA1673427933A570007248A /* Podest_WatchKit_AppUITestsLaunchTests.swift */; };
/* End PBXBuildFile section */

/* Begin PBXContainerItemProxy section */
		4CA166EC27933A560007248A /* PBXContainerItemProxy */ = {
			isa = PBXContainerItemProxy;
			containerPortal = 4CA166D327933A550007248A /* Project object */;
			proxyType = 1;
			remoteGlobalIDString = 4CA166DA27933A550007248A;
			remoteInfo = Podest;
		};
		4CA166F627933A560007248A /* PBXContainerItemProxy */ = {
			isa = PBXContainerItemProxy;
			containerPortal = 4CA166D327933A550007248A /* Project object */;
			proxyType = 1;
			remoteGlobalIDString = 4CA166DA27933A550007248A;
			remoteInfo = Podest;
		};
		4CA1670127933A560007248A /* PBXContainerItemProxy */ = {
			isa = PBXContainerItemProxy;
			containerPortal = 4CA166D327933A550007248A /* Project object */;
			proxyType = 1;
			remoteGlobalIDString = 4CA166FE27933A560007248A;
			remoteInfo = "Podest WatchKit App";
		};
		4CA1670C27933A560007248A /* PBXContainerItemProxy */ = {
			isa = PBXContainerItemProxy;
			containerPortal = 4CA166D327933A550007248A /* Project object */;
			proxyType = 1;
			remoteGlobalIDString = 4CA1670927933A560007248A;
			remoteInfo = "Podest WatchKit Extension";
		};
		4CA1672527933A570007248A /* PBXContainerItemProxy */ = {
			isa = PBXContainerItemProxy;
			containerPortal = 4CA166D327933A550007248A /* Project object */;
			proxyType = 1;
			remoteGlobalIDString = 4CA1670927933A560007248A;
			remoteInfo = "Podest WatchKit Extension";
		};
		4CA1672F27933A570007248A /* PBXContainerItemProxy */ = {
			isa = PBXContainerItemProxy;
			containerPortal = 4CA166D327933A550007248A /* Project object */;
			proxyType = 1;
			remoteGlobalIDString = 4CA166FE27933A560007248A;
			remoteInfo = "Podest WatchKit App";
		};
/* End PBXContainerItemProxy section */

/* Begin PBXCopyFilesBuildPhase section */
		4CA1673B27933A570007248A /* Embed App Extensions */ = {
			isa = PBXCopyFilesBuildPhase;
			buildActionMask = 2147483647;
			dstPath = "";
			dstSubfolderSpec = 13;
			files = (
				4CA1670B27933A560007248A /* Podest WatchKit Extension.appex in Embed App Extensions */,
			);
			name = "Embed App Extensions";
			runOnlyForDeploymentPostprocessing = 0;
		};
		4CA1673F27933A570007248A /* Embed Watch Content */ = {
			isa = PBXCopyFilesBuildPhase;
			buildActionMask = 2147483647;
			dstPath = "$(CONTENTS_FOLDER_PATH)/Watch";
			dstSubfolderSpec = 16;
			files = (
				4CA1670027933A560007248A /* Podest WatchKit App.app in Embed Watch Content */,
			);
			name = "Embed Watch Content";
			runOnlyForDeploymentPostprocessing = 0;
		};
/* End PBXCopyFilesBuildPhase section */

/* Begin PBXFileReference section */
		4CA166DB27933A550007248A /* Podest.app */ = {isa = PBXFileReference; explicitFileType = wrapper.application; includeInIndex = 0; path = Podest.app; sourceTree = BUILT_PRODUCTS_DIR; };
		4CA166DE27933A550007248A /* PodestApp.swift */ = {isa = PBXFileReference; lastKnownFileType = sourcecode.swift; path = PodestApp.swift; sourceTree = "<group>"; };
		4CA166E027933A550007248A /* ContentView.swift */ = {isa = PBXFileReference; lastKnownFileType = sourcecode.swift; path = ContentView.swift; sourceTree = "<group>"; };
		4CA166E227933A560007248A /* Assets.xcassets */ = {isa = PBXFileReference; lastKnownFileType = folder.assetcatalog; path = Assets.xcassets; sourceTree = "<group>"; };
		4CA166E527933A560007248A /* Preview Assets.xcassets */ = {isa = PBXFileReference; lastKnownFileType = folder.assetcatalog; path = "Preview Assets.xcassets"; sourceTree = "<group>"; };
		4CA166EB27933A560007248A /* PodestTests.xctest */ = {isa = PBXFileReference; explicitFileType = wrapper.cfbundle; includeInIndex = 0; path = PodestTests.xctest; sourceTree = BUILT_PRODUCTS_DIR; };
		4CA166EF27933A560007248A /* PodestTests.swift */ = {isa = PBXFileReference; lastKnownFileType = sourcecode.swift; path = PodestTests.swift; sourceTree = "<group>"; };
		4CA166F527933A560007248A /* PodestUITests.xctest */ = {isa = PBXFileReference; explicitFileType = wrapper.cfbundle; includeInIndex = 0; path = PodestUITests.xctest; sourceTree = BUILT_PRODUCTS_DIR; };
		4CA166F927933A560007248A /* PodestUITests.swift */ = {isa = PBXFileReference; lastKnownFileType = sourcecode.swift; path = PodestUITests.swift; sourceTree = "<group>"; };
		4CA166FB27933A560007248A /* PodestUITestsLaunchTests.swift */ = {isa = PBXFileReference; lastKnownFileType = sourcecode.swift; path = PodestUITestsLaunchTests.swift; sourceTree = "<group>"; };
		4CA166FF27933A560007248A /* Podest WatchKit App.app */ = {isa = PBXFileReference; explicitFileType = wrapper.application; includeInIndex = 0; path = "Podest WatchKit App.app"; sourceTree = BUILT_PRODUCTS_DIR; };
		4CA1670427933A560007248A /* Assets.xcassets */ = {isa = PBXFileReference; lastKnownFileType = folder.assetcatalog; path = Assets.xcassets; sourceTree = "<group>"; };
		4CA1670A27933A560007248A /* Podest WatchKit Extension.appex */ = {isa = PBXFileReference; explicitFileType = "wrapper.app-extension"; includeInIndex = 0; path = "Podest WatchKit Extension.appex"; sourceTree = BUILT_PRODUCTS_DIR; };
		4CA1670F27933A560007248A /* PodestApp.swift */ = {isa = PBXFileReference; lastKnownFileType = sourcecode.swift; path = PodestApp.swift; sourceTree = "<group>"; };
		4CA1671127933A560007248A /* ContentView.swift */ = {isa = PBXFileReference; lastKnownFileType = sourcecode.swift; path = ContentView.swift; sourceTree = "<group>"; };
		4CA1671327933A560007248A /* NotificationController.swift */ = {isa = PBXFileReference; lastKnownFileType = sourcecode.swift; path = NotificationController.swift; sourceTree = "<group>"; };
		4CA1671527933A560007248A /* NotificationView.swift */ = {isa = PBXFileReference; lastKnownFileType = sourcecode.swift; path = NotificationView.swift; sourceTree = "<group>"; };
		4CA1671727933A560007248A /* ComplicationController.swift */ = {isa = PBXFileReference; lastKnownFileType = sourcecode.swift; path = ComplicationController.swift; sourceTree = "<group>"; };
		4CA1671927933A570007248A /* Assets.xcassets */ = {isa = PBXFileReference; lastKnownFileType = folder.assetcatalog; path = Assets.xcassets; sourceTree = "<group>"; };
		4CA1671C27933A570007248A /* Preview Assets.xcassets */ = {isa = PBXFileReference; lastKnownFileType = folder.assetcatalog; path = "Preview Assets.xcassets"; sourceTree = "<group>"; };
		4CA1671E27933A570007248A /* Info.plist */ = {isa = PBXFileReference; lastKnownFileType = text.plist.xml; path = Info.plist; sourceTree = "<group>"; };
		4CA1671F27933A570007248A /* PushNotificationPayload.apns */ = {isa = PBXFileReference; lastKnownFileType = text; path = PushNotificationPayload.apns; sourceTree = "<group>"; };
		4CA1672427933A570007248A /* Podest WatchKit AppTests.xctest */ = {isa = PBXFileReference; explicitFileType = wrapper.cfbundle; includeInIndex = 0; path = "Podest WatchKit AppTests.xctest"; sourceTree = BUILT_PRODUCTS_DIR; };
		4CA1672827933A570007248A /* Podest_WatchKit_AppTests.swift */ = {isa = PBXFileReference; lastKnownFileType = sourcecode.swift; path = Podest_WatchKit_AppTests.swift; sourceTree = "<group>"; };
		4CA1672E27933A570007248A /* Podest WatchKit AppUITests.xctest */ = {isa = PBXFileReference; explicitFileType = wrapper.cfbundle; includeInIndex = 0; path = "Podest WatchKit AppUITests.xctest"; sourceTree = BUILT_PRODUCTS_DIR; };
		4CA1673227933A570007248A /* Podest_WatchKit_AppUITests.swift */ = {isa = PBXFileReference; lastKnownFileType = sourcecode.swift; path = Podest_WatchKit_AppUITests.swift; sourceTree = "<group>"; };
		4CA1673427933A570007248A /* Podest_WatchKit_AppUITestsLaunchTests.swift */ = {isa = PBXFileReference; lastKnownFileType = sourcecode.swift; path = Podest_WatchKit_AppUITestsLaunchTests.swift; sourceTree = "<group>"; };
/* End PBXFileReference section */

/* Begin PBXFrameworksBuildPhase section */
		4CA166D827933A550007248A /* Frameworks */ = {
			isa = PBXFrameworksBuildPhase;
			buildActionMask = 2147483647;
			files = (
			);
			runOnlyForDeploymentPostprocessing = 0;
		};
		4CA166E827933A560007248A /* Frameworks */ = {
			isa = PBXFrameworksBuildPhase;
			buildActionMask = 2147483647;
			files = (
			);
			runOnlyForDeploymentPostprocessing = 0;
		};
		4CA166F227933A560007248A /* Frameworks */ = {
			isa = PBXFrameworksBuildPhase;
			buildActionMask = 2147483647;
			files = (
			);
			runOnlyForDeploymentPostprocessing = 0;
		};
		4CA1670727933A560007248A /* Frameworks */ = {
			isa = PBXFrameworksBuildPhase;
			buildActionMask = 2147483647;
			files = (
			);
			runOnlyForDeploymentPostprocessing = 0;
		};
		4CA1672127933A570007248A /* Frameworks */ = {
			isa = PBXFrameworksBuildPhase;
			buildActionMask = 2147483647;
			files = (
			);
			runOnlyForDeploymentPostprocessing = 0;
		};
		4CA1672B27933A570007248A /* Frameworks */ = {
			isa = PBXFrameworksBuildPhase;
			buildActionMask = 2147483647;
			files = (
			);
			runOnlyForDeploymentPostprocessing = 0;
		};
/* End PBXFrameworksBuildPhase section */

/* Begin PBXGroup section */
		4CA166D227933A550007248A = {
			isa = PBXGroup;
			children = (
				4CA166DD27933A550007248A /* Podest */,
				4CA166EE27933A560007248A /* PodestTests */,
				4CA166F827933A560007248A /* PodestUITests */,
				4CA1670327933A560007248A /* Podest WatchKit App */,
				4CA1670E27933A560007248A /* Podest WatchKit Extension */,
				4CA1672727933A570007248A /* Podest WatchKit AppTests */,
				4CA1673127933A570007248A /* Podest WatchKit AppUITests */,
				4CA166DC27933A550007248A /* Products */,
			);
			sourceTree = "<group>";
		};
		4CA166DC27933A550007248A /* Products */ = {
			isa = PBXGroup;
			children = (
				4CA166DB27933A550007248A /* Podest.app */,
				4CA166EB27933A560007248A /* PodestTests.xctest */,
				4CA166F527933A560007248A /* PodestUITests.xctest */,
				4CA166FF27933A560007248A /* Podest WatchKit App.app */,
				4CA1670A27933A560007248A /* Podest WatchKit Extension.appex */,
				4CA1672427933A570007248A /* Podest WatchKit AppTests.xctest */,
				4CA1672E27933A570007248A /* Podest WatchKit AppUITests.xctest */,
			);
			name = Products;
			sourceTree = "<group>";
		};
		4CA166DD27933A550007248A /* Podest */ = {
			isa = PBXGroup;
			children = (
				4CA166DE27933A550007248A /* PodestApp.swift */,
				4CA166E027933A550007248A /* ContentView.swift */,
				4CA166E227933A560007248A /* Assets.xcassets */,
				4CA166E427933A560007248A /* Preview Content */,
			);
			path = Podest;
			sourceTree = "<group>";
		};
		4CA166E427933A560007248A /* Preview Content */ = {
			isa = PBXGroup;
			children = (
				4CA166E527933A560007248A /* Preview Assets.xcassets */,
			);
			path = "Preview Content";
			sourceTree = "<group>";
		};
		4CA166EE27933A560007248A /* PodestTests */ = {
			isa = PBXGroup;
			children = (
				4CA166EF27933A560007248A /* PodestTests.swift */,
			);
			path = PodestTests;
			sourceTree = "<group>";
		};
		4CA166F827933A560007248A /* PodestUITests */ = {
			isa = PBXGroup;
			children = (
				4CA166F927933A560007248A /* PodestUITests.swift */,
				4CA166FB27933A560007248A /* PodestUITestsLaunchTests.swift */,
			);
			path = PodestUITests;
			sourceTree = "<group>";
		};
		4CA1670327933A560007248A /* Podest WatchKit App */ = {
			isa = PBXGroup;
			children = (
				4CA1670427933A560007248A /* Assets.xcassets */,
			);
			path = "Podest WatchKit App";
			sourceTree = "<group>";
		};
		4CA1670E27933A560007248A /* Podest WatchKit Extension */ = {
			isa = PBXGroup;
			children = (
				4CA1670F27933A560007248A /* PodestApp.swift */,
				4CA1671127933A560007248A /* ContentView.swift */,
				4CA1671327933A560007248A /* NotificationController.swift */,
				4CA1671527933A560007248A /* NotificationView.swift */,
				4CA1671727933A560007248A /* ComplicationController.swift */,
				4CA1671927933A570007248A /* Assets.xcassets */,
				4CA1671E27933A570007248A /* Info.plist */,
				4CA1671F27933A570007248A /* PushNotificationPayload.apns */,
				4CA1671B27933A570007248A /* Preview Content */,
			);
			path = "Podest WatchKit Extension";
			sourceTree = "<group>";
		};
		4CA1671B27933A570007248A /* Preview Content */ = {
			isa = PBXGroup;
			children = (
				4CA1671C27933A570007248A /* Preview Assets.xcassets */,
			);
			path = "Preview Content";
			sourceTree = "<group>";
		};
		4CA1672727933A570007248A /* Podest WatchKit AppTests */ = {
			isa = PBXGroup;
			children = (
				4CA1672827933A570007248A /* Podest_WatchKit_AppTests.swift */,
			);
			path = "Podest WatchKit AppTests";
			sourceTree = "<group>";
		};
		4CA1673127933A570007248A /* Podest WatchKit AppUITests */ = {
			isa = PBXGroup;
			children = (
				4CA1673227933A570007248A /* Podest_WatchKit_AppUITests.swift */,
				4CA1673427933A570007248A /* Podest_WatchKit_AppUITestsLaunchTests.swift */,
			);
			path = "Podest WatchKit AppUITests";
			sourceTree = "<group>";
		};
/* End PBXGroup section */

/* Begin PBXNativeTarget section */
		4CA166DA27933A550007248A /* Podest */ = {
			isa = PBXNativeTarget;
			buildConfigurationList = 4CA1674027933A570007248A /* Build configuration list for PBXNativeTarget "Podest" */;
			buildPhases = (
				4CA166D727933A550007248A /* Sources */,
				4CA166D827933A550007248A /* Frameworks */,
				4CA166D927933A550007248A /* Resources */,
				4CA1673F27933A570007248A /* Embed Watch Content */,
			);
			buildRules = (
			);
			dependencies = (
				4CA1670227933A560007248A /* PBXTargetDependency */,
			);
			name = Podest;
			productName = Podest;
			productReference = 4CA166DB27933A550007248A /* Podest.app */;
			productType = "com.apple.product-type.application";
		};
		4CA166EA27933A560007248A /* PodestTests */ = {
			isa = PBXNativeTarget;
			buildConfigurationList = 4CA1674327933A570007248A /* Build configuration list for PBXNativeTarget "PodestTests" */;
			buildPhases = (
				4CA166E727933A560007248A /* Sources */,
				4CA166E827933A560007248A /* Frameworks */,
				4CA166E927933A560007248A /* Resources */,
			);
			buildRules = (
			);
			dependencies = (
				4CA166ED27933A560007248A /* PBXTargetDependency */,
			);
			name = PodestTests;
			productName = PodestTests;
			productReference = 4CA166EB27933A560007248A /* PodestTests.xctest */;
			productType = "com.apple.product-type.bundle.unit-test";
		};
		4CA166F427933A560007248A /* PodestUITests */ = {
			isa = PBXNativeTarget;
			buildConfigurationList = 4CA1674627933A570007248A /* Build configuration list for PBXNativeTarget "PodestUITests" */;
			buildPhases = (
				4CA166F127933A560007248A /* Sources */,
				4CA166F227933A560007248A /* Frameworks */,
				4CA166F327933A560007248A /* Resources */,
			);
			buildRules = (
			);
			dependencies = (
				4CA166F727933A560007248A /* PBXTargetDependency */,
			);
			name = PodestUITests;
			productName = PodestUITests;
			productReference = 4CA166F527933A560007248A /* PodestUITests.xctest */;
			productType = "com.apple.product-type.bundle.ui-testing";
		};
		4CA166FE27933A560007248A /* Podest WatchKit App */ = {
			isa = PBXNativeTarget;
			buildConfigurationList = 4CA1673C27933A570007248A /* Build configuration list for PBXNativeTarget "Podest WatchKit App" */;
			buildPhases = (
				4CA166FD27933A560007248A /* Resources */,
				4CA1673B27933A570007248A /* Embed App Extensions */,
			);
			buildRules = (
			);
			dependencies = (
				4CA1670D27933A560007248A /* PBXTargetDependency */,
			);
			name = "Podest WatchKit App";
			productName = "Podest WatchKit App";
			productReference = 4CA166FF27933A560007248A /* Podest WatchKit App.app */;
			productType = "com.apple.product-type.application.watchapp2";
		};
		4CA1670927933A560007248A /* Podest WatchKit Extension */ = {
			isa = PBXNativeTarget;
			buildConfigurationList = 4CA1673827933A570007248A /* Build configuration list for PBXNativeTarget "Podest WatchKit Extension" */;
			buildPhases = (
				4CA1670627933A560007248A /* Sources */,
				4CA1670727933A560007248A /* Frameworks */,
				4CA1670827933A560007248A /* Resources */,
			);
			buildRules = (
			);
			dependencies = (
			);
			name = "Podest WatchKit Extension";
			productName = "Podest WatchKit Extension";
			productReference = 4CA1670A27933A560007248A /* Podest WatchKit Extension.appex */;
			productType = "com.apple.product-type.watchkit2-extension";
		};
		4CA1672327933A570007248A /* Podest WatchKit AppTests */ = {
			isa = PBXNativeTarget;
			buildConfigurationList = 4CA1674927933A570007248A /* Build configuration list for PBXNativeTarget "Podest WatchKit AppTests" */;
			buildPhases = (
				4CA1672027933A570007248A /* Sources */,
				4CA1672127933A570007248A /* Frameworks */,
				4CA1672227933A570007248A /* Resources */,
			);
			buildRules = (
			);
			dependencies = (
				4CA1672627933A570007248A /* PBXTargetDependency */,
			);
			name = "Podest WatchKit AppTests";
			productName = "Podest WatchKit AppTests";
			productReference = 4CA1672427933A570007248A /* Podest WatchKit AppTests.xctest */;
			productType = "com.apple.product-type.bundle.unit-test";
		};
		4CA1672D27933A570007248A /* Podest WatchKit AppUITests */ = {
			isa = PBXNativeTarget;
			buildConfigurationList = 4CA1674C27933A570007248A /* Build configuration list for PBXNativeTarget "Podest WatchKit AppUITests" */;
			buildPhases = (
				4CA1672A27933A570007248A /* Sources */,
				4CA1672B27933A570007248A /* Frameworks */,
				4CA1672C27933A570007248A /* Resources */,
			);
			buildRules = (
			);
			dependencies = (
				4CA1673027933A570007248A /* PBXTargetDependency */,
			);
			name = "Podest WatchKit AppUITests";
			productName = "Podest WatchKit AppUITests";
			productReference = 4CA1672E27933A570007248A /* Podest WatchKit AppUITests.xctest */;
			productType = "com.apple.product-type.bundle.ui-testing";
		};
/* End PBXNativeTarget section */

/* Begin PBXProject section */
		4CA166D327933A550007248A /* Project object */ = {
			isa = PBXProject;
			attributes = {
				BuildIndependentTargetsInParallel = 1;
				LastSwiftUpdateCheck = 1320;
				LastUpgradeCheck = 1320;
				TargetAttributes = {
					4CA166DA27933A550007248A = {
						CreatedOnToolsVersion = 13.2.1;
					};
					4CA166EA27933A560007248A = {
						CreatedOnToolsVersion = 13.2.1;
						TestTargetID = 4CA166DA27933A550007248A;
					};
					4CA166F427933A560007248A = {
						CreatedOnToolsVersion = 13.2.1;
						TestTargetID = 4CA166DA27933A550007248A;
					};
					4CA166FE27933A560007248A = {
						CreatedOnToolsVersion = 13.2.1;
					};
					4CA1670927933A560007248A = {
						CreatedOnToolsVersion = 13.2.1;
					};
					4CA1672327933A570007248A = {
						CreatedOnToolsVersion = 13.2.1;
						TestTargetID = 4CA1670927933A560007248A;
					};
					4CA1672D27933A570007248A = {
						CreatedOnToolsVersion = 13.2.1;
						TestTargetID = 4CA166FE27933A560007248A;
					};
				};
			};
			buildConfigurationList = 4CA166D627933A550007248A /* Build configuration list for PBXProject "Podest" */;
			compatibilityVersion = "Xcode 13.0";
			developmentRegion = en;
			hasScannedForEncodings = 0;
			knownRegions = (
				en,
				Base,
			);
			mainGroup = 4CA166D227933A550007248A;
			productRefGroup = 4CA166DC27933A550007248A /* Products */;
			projectDirPath = "";
			projectRoot = "";
			targets = (
				4CA166DA27933A550007248A /* Podest */,
				4CA166EA27933A560007248A /* PodestTests */,
				4CA166F427933A560007248A /* PodestUITests */,
				4CA166FE27933A560007248A /* Podest WatchKit App */,
				4CA1670927933A560007248A /* Podest WatchKit Extension */,
				4CA1672327933A570007248A /* Podest WatchKit AppTests */,
				4CA1672D27933A570007248A /* Podest WatchKit AppUITests */,
			);
		};
/* End PBXProject section */

/* Begin PBXResourcesBuildPhase section */
		4CA166D927933A550007248A /* Resources */ = {
			isa = PBXResourcesBuildPhase;
			buildActionMask = 2147483647;
			files = (
				4CA166E627933A560007248A /* Preview Assets.xcassets in Resources */,
				4CA166E327933A560007248A /* Assets.xcassets in Resources */,
			);
			runOnlyForDeploymentPostprocessing = 0;
		};
		4CA166E927933A560007248A /* Resources */ = {
			isa = PBXResourcesBuildPhase;
			buildActionMask = 2147483647;
			files = (
			);
			runOnlyForDeploymentPostprocessing = 0;
		};
		4CA166F327933A560007248A /* Resources */ = {
			isa = PBXResourcesBuildPhase;
			buildActionMask = 2147483647;
			files = (
			);
			runOnlyForDeploymentPostprocessing = 0;
		};
		4CA166FD27933A560007248A /* Resources */ = {
			isa = PBXResourcesBuildPhase;
			buildActionMask = 2147483647;
			files = (
				4CA1670527933A560007248A /* Assets.xcassets in Resources */,
			);
			runOnlyForDeploymentPostprocessing = 0;
		};
		4CA1670827933A560007248A /* Resources */ = {
			isa = PBXResourcesBuildPhase;
			buildActionMask = 2147483647;
			files = (
				4CA1671D27933A570007248A /* Preview Assets.xcassets in Resources */,
				4CA1671A27933A570007248A /* Assets.xcassets in Resources */,
			);
			runOnlyForDeploymentPostprocessing = 0;
		};
		4CA1672227933A570007248A /* Resources */ = {
			isa = PBXResourcesBuildPhase;
			buildActionMask = 2147483647;
			files = (
			);
			runOnlyForDeploymentPostprocessing = 0;
		};
		4CA1672C27933A570007248A /* Resources */ = {
			isa = PBXResourcesBuildPhase;
			buildActionMask = 2147483647;
			files = (
			);
			runOnlyForDeploymentPostprocessing = 0;
		};
/* End PBXResourcesBuildPhase section */

/* Begin PBXSourcesBuildPhase section */
		4CA166D727933A550007248A /* Sources */ = {
			isa = PBXSourcesBuildPhase;
			buildActionMask = 2147483647;
			files = (
				4CA166E127933A550007248A /* ContentView.swift in Sources */,
				4CA166DF27933A550007248A /* PodestApp.swift in Sources */,
			);
			runOnlyForDeploymentPostprocessing = 0;
		};
		4CA166E727933A560007248A /* Sources */ = {
			isa = PBXSourcesBuildPhase;
			buildActionMask = 2147483647;
			files = (
				4CA166F027933A560007248A /* PodestTests.swift in Sources */,
			);
			runOnlyForDeploymentPostprocessing = 0;
		};
		4CA166F127933A560007248A /* Sources */ = {
			isa = PBXSourcesBuildPhase;
			buildActionMask = 2147483647;
			files = (
				4CA166FA27933A560007248A /* PodestUITests.swift in Sources */,
				4CA166FC27933A560007248A /* PodestUITestsLaunchTests.swift in Sources */,
			);
			runOnlyForDeploymentPostprocessing = 0;
		};
		4CA1670627933A560007248A /* Sources */ = {
			isa = PBXSourcesBuildPhase;
			buildActionMask = 2147483647;
			files = (
				4CA1671427933A560007248A /* NotificationController.swift in Sources */,
				4CA1671227933A560007248A /* ContentView.swift in Sources */,
				4CA1671827933A560007248A /* ComplicationController.swift in Sources */,
				4CA1671027933A560007248A /* PodestApp.swift in Sources */,
				4CA1671627933A560007248A /* NotificationView.swift in Sources */,
			);
			runOnlyForDeploymentPostprocessing = 0;
		};
		4CA1672027933A570007248A /* Sources */ = {
			isa = PBXSourcesBuildPhase;
			buildActionMask = 2147483647;
			files = (
				4CA1672927933A570007248A /* Podest_WatchKit_AppTests.swift in Sources */,
			);
			runOnlyForDeploymentPostprocessing = 0;
		};
		4CA1672A27933A570007248A /* Sources */ = {
			isa = PBXSourcesBuildPhase;
			buildActionMask = 2147483647;
			files = (
				4CA1673527933A570007248A /* Podest_WatchKit_AppUITestsLaunchTests.swift in Sources */,
				4CA1673327933A570007248A /* Podest_WatchKit_AppUITests.swift in Sources */,
			);
			runOnlyForDeploymentPostprocessing = 0;
		};
/* End PBXSourcesBuildPhase section */

/* Begin PBXTargetDependency section */
		4CA166ED27933A560007248A /* PBXTargetDependency */ = {
			isa = PBXTargetDependency;
			target = 4CA166DA27933A550007248A /* Podest */;
			targetProxy = 4CA166EC27933A560007248A /* PBXContainerItemProxy */;
		};
		4CA166F727933A560007248A /* PBXTargetDependency */ = {
			isa = PBXTargetDependency;
			target = 4CA166DA27933A550007248A /* Podest */;
			targetProxy = 4CA166F627933A560007248A /* PBXContainerItemProxy */;
		};
		4CA1670227933A560007248A /* PBXTargetDependency */ = {
			isa = PBXTargetDependency;
			target = 4CA166FE27933A560007248A /* Podest WatchKit App */;
			targetProxy = 4CA1670127933A560007248A /* PBXContainerItemProxy */;
		};
		4CA1670D27933A560007248A /* PBXTargetDependency */ = {
			isa = PBXTargetDependency;
			target = 4CA1670927933A560007248A /* Podest WatchKit Extension */;
			targetProxy = 4CA1670C27933A560007248A /* PBXContainerItemProxy */;
		};
		4CA1672627933A570007248A /* PBXTargetDependency */ = {
			isa = PBXTargetDependency;
			target = 4CA1670927933A560007248A /* Podest WatchKit Extension */;
			targetProxy = 4CA1672527933A570007248A /* PBXContainerItemProxy */;
		};
		4CA1673027933A570007248A /* PBXTargetDependency */ = {
			isa = PBXTargetDependency;
			target = 4CA166FE27933A560007248A /* Podest WatchKit App */;
			targetProxy = 4CA1672F27933A570007248A /* PBXContainerItemProxy */;
		};
/* End PBXTargetDependency section */

/* Begin XCBuildConfiguration section */
		4CA1673627933A570007248A /* Debug */ = {
			isa = XCBuildConfiguration;
			buildSettings = {
				ALWAYS_SEARCH_USER_PATHS = NO;
				CLANG_ANALYZER_NONNULL = YES;
				CLANG_ANALYZER_NUMBER_OBJECT_CONVERSION = YES_AGGRESSIVE;
				CLANG_CXX_LANGUAGE_STANDARD = "gnu++17";
				CLANG_CXX_LIBRARY = "libc++";
				CLANG_ENABLE_MODULES = YES;
				CLANG_ENABLE_OBJC_ARC = YES;
				CLANG_ENABLE_OBJC_WEAK = YES;
				CLANG_WARN_BLOCK_CAPTURE_AUTORELEASING = YES;
				CLANG_WARN_BOOL_CONVERSION = YES;
				CLANG_WARN_COMMA = YES;
				CLANG_WARN_CONSTANT_CONVERSION = YES;
				CLANG_WARN_DEPRECATED_OBJC_IMPLEMENTATIONS = YES;
				CLANG_WARN_DIRECT_OBJC_ISA_USAGE = YES_ERROR;
				CLANG_WARN_DOCUMENTATION_COMMENTS = YES;
				CLANG_WARN_EMPTY_BODY = YES;
				CLANG_WARN_ENUM_CONVERSION = YES;
				CLANG_WARN_INFINITE_RECURSION = YES;
				CLANG_WARN_INT_CONVERSION = YES;
				CLANG_WARN_NON_LITERAL_NULL_CONVERSION = YES;
				CLANG_WARN_OBJC_IMPLICIT_RETAIN_SELF = YES;
				CLANG_WARN_OBJC_LITERAL_CONVERSION = YES;
				CLANG_WARN_OBJC_ROOT_CLASS = YES_ERROR;
				CLANG_WARN_QUOTED_INCLUDE_IN_FRAMEWORK_HEADER = YES;
				CLANG_WARN_RANGE_LOOP_ANALYSIS = YES;
				CLANG_WARN_STRICT_PROTOTYPES = YES;
				CLANG_WARN_SUSPICIOUS_MOVE = YES;
				CLANG_WARN_UNGUARDED_AVAILABILITY = YES_AGGRESSIVE;
				CLANG_WARN_UNREACHABLE_CODE = YES;
				CLANG_WARN__DUPLICATE_METHOD_MATCH = YES;
				COPY_PHASE_STRIP = NO;
				DEBUG_INFORMATION_FORMAT = dwarf;
				ENABLE_STRICT_OBJC_MSGSEND = YES;
				ENABLE_TESTABILITY = YES;
				GCC_C_LANGUAGE_STANDARD = gnu11;
				GCC_DYNAMIC_NO_PIC = NO;
				GCC_NO_COMMON_BLOCKS = YES;
				GCC_OPTIMIZATION_LEVEL = 0;
				GCC_PREPROCESSOR_DEFINITIONS = (
					"DEBUG=1",
					"$(inherited)",
				);
				GCC_WARN_64_TO_32_BIT_CONVERSION = YES;
				GCC_WARN_ABOUT_RETURN_TYPE = YES_ERROR;
				GCC_WARN_UNDECLARED_SELECTOR = YES;
				GCC_WARN_UNINITIALIZED_AUTOS = YES_AGGRESSIVE;
				GCC_WARN_UNUSED_FUNCTION = YES;
				GCC_WARN_UNUSED_VARIABLE = YES;
				MTL_ENABLE_DEBUG_INFO = INCLUDE_SOURCE;
				MTL_FAST_MATH = YES;
				ONLY_ACTIVE_ARCH = YES;
				SWIFT_ACTIVE_COMPILATION_CONDITIONS = DEBUG;
				SWIFT_OPTIMIZATION_LEVEL = "-Onone";
			};
			name = Debug;
		};
		4CA1673727933A570007248A /* Release */ = {
			isa = XCBuildConfiguration;
			buildSettings = {
				ALWAYS_SEARCH_USER_PATHS = NO;
				CLANG_ANALYZER_NONNULL = YES;
				CLANG_ANALYZER_NUMBER_OBJECT_CONVERSION = YES_AGGRESSIVE;
				CLANG_CXX_LANGUAGE_STANDARD = "gnu++17";
				CLANG_CXX_LIBRARY = "libc++";
				CLANG_ENABLE_MODULES = YES;
				CLANG_ENABLE_OBJC_ARC = YES;
				CLANG_ENABLE_OBJC_WEAK = YES;
				CLANG_WARN_BLOCK_CAPTURE_AUTORELEASING = YES;
				CLANG_WARN_BOOL_CONVERSION = YES;
				CLANG_WARN_COMMA = YES;
				CLANG_WARN_CONSTANT_CONVERSION = YES;
				CLANG_WARN_DEPRECATED_OBJC_IMPLEMENTATIONS = YES;
				CLANG_WARN_DIRECT_OBJC_ISA_USAGE = YES_ERROR;
				CLANG_WARN_DOCUMENTATION_COMMENTS = YES;
				CLANG_WARN_EMPTY_BODY = YES;
				CLANG_WARN_ENUM_CONVERSION = YES;
				CLANG_WARN_INFINITE_RECURSION = YES;
				CLANG_WARN_INT_CONVERSION = YES;
				CLANG_WARN_NON_LITERAL_NULL_CONVERSION = YES;
				CLANG_WARN_OBJC_IMPLICIT_RETAIN_SELF = YES;
				CLANG_WARN_OBJC_LITERAL_CONVERSION = YES;
				CLANG_WARN_OBJC_ROOT_CLASS = YES_ERROR;
				CLANG_WARN_QUOTED_INCLUDE_IN_FRAMEWORK_HEADER = YES;
				CLANG_WARN_RANGE_LOOP_ANALYSIS = YES;
				CLANG_WARN_STRICT_PROTOTYPES = YES;
				CLANG_WARN_SUSPICIOUS_MOVE = YES;
				CLANG_WARN_UNGUARDED_AVAILABILITY = YES_AGGRESSIVE;
				CLANG_WARN_UNREACHABLE_CODE = YES;
				CLANG_WARN__DUPLICATE_METHOD_MATCH = YES;
				COPY_PHASE_STRIP = NO;
				DEBUG_INFORMATION_FORMAT = "dwarf-with-dsym";
				ENABLE_NS_ASSERTIONS = NO;
				ENABLE_STRICT_OBJC_MSGSEND = YES;
				GCC_C_LANGUAGE_STANDARD = gnu11;
				GCC_NO_COMMON_BLOCKS = YES;
				GCC_WARN_64_TO_32_BIT_CONVERSION = YES;
				GCC_WARN_ABOUT_RETURN_TYPE = YES_ERROR;
				GCC_WARN_UNDECLARED_SELECTOR = YES;
				GCC_WARN_UNINITIALIZED_AUTOS = YES_AGGRESSIVE;
				GCC_WARN_UNUSED_FUNCTION = YES;
				GCC_WARN_UNUSED_VARIABLE = YES;
				MTL_ENABLE_DEBUG_INFO = NO;
				MTL_FAST_MATH = YES;
				SWIFT_COMPILATION_MODE = wholemodule;
				SWIFT_OPTIMIZATION_LEVEL = "-O";
			};
			name = Release;
		};
		4CA1673927933A570007248A /* Debug */ = {
			isa = XCBuildConfiguration;
			buildSettings = {
				ASSETCATALOG_COMPILER_COMPLICATION_NAME = Complication;
				CODE_SIGN_STYLE = Automatic;
				CURRENT_PROJECT_VERSION = 1;
				DEVELOPMENT_ASSET_PATHS = "\"Podest WatchKit Extension/Preview Content\"";
				DEVELOPMENT_TEAM = X23V32HT8X;
				ENABLE_PREVIEWS = YES;
				GENERATE_INFOPLIST_FILE = YES;
				INFOPLIST_FILE = "Podest WatchKit Extension/Info.plist";
				INFOPLIST_KEY_CFBundleDisplayName = "Podest WatchKit Extension";
				INFOPLIST_KEY_CLKComplicationPrincipalClass = "$(PRODUCT_MODULE_NAME).ComplicationController";
				INFOPLIST_KEY_NSHumanReadableCopyright = "";
				INFOPLIST_KEY_WKRunsIndependentlyOfCompanionApp = YES;
				LD_RUNPATH_SEARCH_PATHS = (
					"$(inherited)",
					"@executable_path/Frameworks",
					"@executable_path/../../Frameworks",
				);
				MARKETING_VERSION = 1.0;
				PRODUCT_BUNDLE_IDENTIFIER = ink.codes.Podest.watchkitapp.watchkitextension;
				PRODUCT_NAME = "${TARGET_NAME}";
				SDKROOT = watchos;
				SKIP_INSTALL = YES;
				SWIFT_EMIT_LOC_STRINGS = YES;
				SWIFT_VERSION = 5.0;
				TARGETED_DEVICE_FAMILY = 4;
				WATCHOS_DEPLOYMENT_TARGET = 8.3;
			};
			name = Debug;
		};
		4CA1673A27933A570007248A /* Release */ = {
			isa = XCBuildConfiguration;
			buildSettings = {
				ASSETCATALOG_COMPILER_COMPLICATION_NAME = Complication;
				CODE_SIGN_STYLE = Automatic;
				CURRENT_PROJECT_VERSION = 1;
				DEVELOPMENT_ASSET_PATHS = "\"Podest WatchKit Extension/Preview Content\"";
				DEVELOPMENT_TEAM = X23V32HT8X;
				ENABLE_PREVIEWS = YES;
				GENERATE_INFOPLIST_FILE = YES;
				INFOPLIST_FILE = "Podest WatchKit Extension/Info.plist";
				INFOPLIST_KEY_CFBundleDisplayName = "Podest WatchKit Extension";
				INFOPLIST_KEY_CLKComplicationPrincipalClass = "$(PRODUCT_MODULE_NAME).ComplicationController";
				INFOPLIST_KEY_NSHumanReadableCopyright = "";
				INFOPLIST_KEY_WKRunsIndependentlyOfCompanionApp = YES;
				LD_RUNPATH_SEARCH_PATHS = (
					"$(inherited)",
					"@executable_path/Frameworks",
					"@executable_path/../../Frameworks",
				);
				MARKETING_VERSION = 1.0;
				PRODUCT_BUNDLE_IDENTIFIER = ink.codes.Podest.watchkitapp.watchkitextension;
				PRODUCT_NAME = "${TARGET_NAME}";
				SDKROOT = watchos;
				SKIP_INSTALL = YES;
				SWIFT_EMIT_LOC_STRINGS = YES;
				SWIFT_VERSION = 5.0;
				TARGETED_DEVICE_FAMILY = 4;
				VALIDATE_PRODUCT = YES;
				WATCHOS_DEPLOYMENT_TARGET = 8.3;
			};
			name = Release;
		};
		4CA1673D27933A570007248A /* Debug */ = {
			isa = XCBuildConfiguration;
			buildSettings = {
				ALWAYS_EMBED_SWIFT_STANDARD_LIBRARIES = YES;
				ASSETCATALOG_COMPILER_APPICON_NAME = AppIcon;
				ASSETCATALOG_COMPILER_GLOBAL_ACCENT_COLOR_NAME = AccentColor;
				CODE_SIGN_STYLE = Automatic;
				CURRENT_PROJECT_VERSION = 1;
				DEVELOPMENT_TEAM = X23V32HT8X;
				GENERATE_INFOPLIST_FILE = YES;
				IBSC_MODULE = Podest_WatchKit_Extension;
				INFOPLIST_KEY_CFBundleDisplayName = "Podest WatchKit App";
				INFOPLIST_KEY_UISupportedInterfaceOrientations = "UIInterfaceOrientationPortrait UIInterfaceOrientationPortraitUpsideDown";
				INFOPLIST_KEY_WKCompanionAppBundleIdentifier = ink.codes.Podest;
				MARKETING_VERSION = 1.0;
				PRODUCT_BUNDLE_IDENTIFIER = ink.codes.Podest.watchkitapp;
				PRODUCT_NAME = "$(TARGET_NAME)";
				SDKROOT = watchos;
				SKIP_INSTALL = YES;
				SWIFT_EMIT_LOC_STRINGS = YES;
				SWIFT_VERSION = 5.0;
				TARGETED_DEVICE_FAMILY = 4;
				WATCHOS_DEPLOYMENT_TARGET = 8.3;
			};
			name = Debug;
		};
		4CA1673E27933A570007248A /* Release */ = {
			isa = XCBuildConfiguration;
			buildSettings = {
				ALWAYS_EMBED_SWIFT_STANDARD_LIBRARIES = YES;
				ASSETCATALOG_COMPILER_APPICON_NAME = AppIcon;
				ASSETCATALOG_COMPILER_GLOBAL_ACCENT_COLOR_NAME = AccentColor;
				CODE_SIGN_STYLE = Automatic;
				CURRENT_PROJECT_VERSION = 1;
				DEVELOPMENT_TEAM = X23V32HT8X;
				GENERATE_INFOPLIST_FILE = YES;
				IBSC_MODULE = Podest_WatchKit_Extension;
				INFOPLIST_KEY_CFBundleDisplayName = "Podest WatchKit App";
				INFOPLIST_KEY_UISupportedInterfaceOrientations = "UIInterfaceOrientationPortrait UIInterfaceOrientationPortraitUpsideDown";
				INFOPLIST_KEY_WKCompanionAppBundleIdentifier = ink.codes.Podest;
				MARKETING_VERSION = 1.0;
				PRODUCT_BUNDLE_IDENTIFIER = ink.codes.Podest.watchkitapp;
				PRODUCT_NAME = "$(TARGET_NAME)";
				SDKROOT = watchos;
				SKIP_INSTALL = YES;
				SWIFT_EMIT_LOC_STRINGS = YES;
				SWIFT_VERSION = 5.0;
				TARGETED_DEVICE_FAMILY = 4;
				VALIDATE_PRODUCT = YES;
				WATCHOS_DEPLOYMENT_TARGET = 8.3;
			};
			name = Release;
		};
		4CA1674127933A570007248A /* Debug */ = {
			isa = XCBuildConfiguration;
			buildSettings = {
				ASSETCATALOG_COMPILER_APPICON_NAME = AppIcon;
				ASSETCATALOG_COMPILER_GLOBAL_ACCENT_COLOR_NAME = AccentColor;
				CODE_SIGN_STYLE = Automatic;
				CURRENT_PROJECT_VERSION = 1;
				DEVELOPMENT_ASSET_PATHS = "\"Podest/Preview Content\"";
				DEVELOPMENT_TEAM = X23V32HT8X;
				ENABLE_PREVIEWS = YES;
				GENERATE_INFOPLIST_FILE = YES;
				INFOPLIST_KEY_UIApplicationSceneManifest_Generation = YES;
				INFOPLIST_KEY_UIApplicationSupportsIndirectInputEvents = YES;
				INFOPLIST_KEY_UILaunchScreen_Generation = YES;
				INFOPLIST_KEY_UISupportedInterfaceOrientations_iPad = "UIInterfaceOrientationPortrait UIInterfaceOrientationPortraitUpsideDown UIInterfaceOrientationLandscapeLeft UIInterfaceOrientationLandscapeRight";
				INFOPLIST_KEY_UISupportedInterfaceOrientations_iPhone = "UIInterfaceOrientationPortrait UIInterfaceOrientationLandscapeLeft UIInterfaceOrientationLandscapeRight";
				IPHONEOS_DEPLOYMENT_TARGET = 15.2;
				LD_RUNPATH_SEARCH_PATHS = (
					"$(inherited)",
					"@executable_path/Frameworks",
				);
				MARKETING_VERSION = 1.0;
				PRODUCT_BUNDLE_IDENTIFIER = ink.codes.Podest;
				PRODUCT_NAME = "$(TARGET_NAME)";
				SDKROOT = iphoneos;
				SWIFT_EMIT_LOC_STRINGS = YES;
				SWIFT_VERSION = 5.0;
				TARGETED_DEVICE_FAMILY = "1,2";
			};
			name = Debug;
		};
		4CA1674227933A570007248A /* Release */ = {
			isa = XCBuildConfiguration;
			buildSettings = {
				ASSETCATALOG_COMPILER_APPICON_NAME = AppIcon;
				ASSETCATALOG_COMPILER_GLOBAL_ACCENT_COLOR_NAME = AccentColor;
				CODE_SIGN_STYLE = Automatic;
				CURRENT_PROJECT_VERSION = 1;
				DEVELOPMENT_ASSET_PATHS = "\"Podest/Preview Content\"";
				DEVELOPMENT_TEAM = X23V32HT8X;
				ENABLE_PREVIEWS = YES;
				GENERATE_INFOPLIST_FILE = YES;
				INFOPLIST_KEY_UIApplicationSceneManifest_Generation = YES;
				INFOPLIST_KEY_UIApplicationSupportsIndirectInputEvents = YES;
				INFOPLIST_KEY_UILaunchScreen_Generation = YES;
				INFOPLIST_KEY_UISupportedInterfaceOrientations_iPad = "UIInterfaceOrientationPortrait UIInterfaceOrientationPortraitUpsideDown UIInterfaceOrientationLandscapeLeft UIInterfaceOrientationLandscapeRight";
				INFOPLIST_KEY_UISupportedInterfaceOrientations_iPhone = "UIInterfaceOrientationPortrait UIInterfaceOrientationLandscapeLeft UIInterfaceOrientationLandscapeRight";
				IPHONEOS_DEPLOYMENT_TARGET = 15.2;
				LD_RUNPATH_SEARCH_PATHS = (
					"$(inherited)",
					"@executable_path/Frameworks",
				);
				MARKETING_VERSION = 1.0;
				PRODUCT_BUNDLE_IDENTIFIER = ink.codes.Podest;
				PRODUCT_NAME = "$(TARGET_NAME)";
				SDKROOT = iphoneos;
				SWIFT_EMIT_LOC_STRINGS = YES;
				SWIFT_VERSION = 5.0;
				TARGETED_DEVICE_FAMILY = "1,2";
				VALIDATE_PRODUCT = YES;
			};
			name = Release;
		};
		4CA1674427933A570007248A /* Debug */ = {
			isa = XCBuildConfiguration;
			buildSettings = {
				ALWAYS_EMBED_SWIFT_STANDARD_LIBRARIES = YES;
				BUNDLE_LOADER = "$(TEST_HOST)";
				CODE_SIGN_STYLE = Automatic;
				CURRENT_PROJECT_VERSION = 1;
				DEVELOPMENT_TEAM = X23V32HT8X;
				GENERATE_INFOPLIST_FILE = YES;
				IPHONEOS_DEPLOYMENT_TARGET = 15.2;
				MARKETING_VERSION = 1.0;
				PRODUCT_BUNDLE_IDENTIFIER = ink.codes.PodestTests;
				PRODUCT_NAME = "$(TARGET_NAME)";
				SDKROOT = iphoneos;
				SWIFT_EMIT_LOC_STRINGS = NO;
				SWIFT_VERSION = 5.0;
				TARGETED_DEVICE_FAMILY = "1,2";
				TEST_HOST = "$(BUILT_PRODUCTS_DIR)/Podest.app/Podest";
			};
			name = Debug;
		};
		4CA1674527933A570007248A /* Release */ = {
			isa = XCBuildConfiguration;
			buildSettings = {
				ALWAYS_EMBED_SWIFT_STANDARD_LIBRARIES = YES;
				BUNDLE_LOADER = "$(TEST_HOST)";
				CODE_SIGN_STYLE = Automatic;
				CURRENT_PROJECT_VERSION = 1;
				DEVELOPMENT_TEAM = X23V32HT8X;
				GENERATE_INFOPLIST_FILE = YES;
				IPHONEOS_DEPLOYMENT_TARGET = 15.2;
				MARKETING_VERSION = 1.0;
				PRODUCT_BUNDLE_IDENTIFIER = ink.codes.PodestTests;
				PRODUCT_NAME = "$(TARGET_NAME)";
				SDKROOT = iphoneos;
				SWIFT_EMIT_LOC_STRINGS = NO;
				SWIFT_VERSION = 5.0;
				TARGETED_DEVICE_FAMILY = "1,2";
				TEST_HOST = "$(BUILT_PRODUCTS_DIR)/Podest.app/Podest";
				VALIDATE_PRODUCT = YES;
			};
			name = Release;
		};
		4CA1674727933A570007248A /* Debug */ = {
			isa = XCBuildConfiguration;
			buildSettings = {
				ALWAYS_EMBED_SWIFT_STANDARD_LIBRARIES = YES;
				CODE_SIGN_STYLE = Automatic;
				CURRENT_PROJECT_VERSION = 1;
				DEVELOPMENT_TEAM = X23V32HT8X;
				GENERATE_INFOPLIST_FILE = YES;
				IPHONEOS_DEPLOYMENT_TARGET = 15.2;
				MARKETING_VERSION = 1.0;
				PRODUCT_BUNDLE_IDENTIFIER = ink.codes.PodestUITests;
				PRODUCT_NAME = "$(TARGET_NAME)";
				SDKROOT = iphoneos;
				SWIFT_EMIT_LOC_STRINGS = NO;
				SWIFT_VERSION = 5.0;
				TARGETED_DEVICE_FAMILY = "1,2";
				TEST_TARGET_NAME = Podest;
			};
			name = Debug;
		};
		4CA1674827933A570007248A /* Release */ = {
			isa = XCBuildConfiguration;
			buildSettings = {
				ALWAYS_EMBED_SWIFT_STANDARD_LIBRARIES = YES;
				CODE_SIGN_STYLE = Automatic;
				CURRENT_PROJECT_VERSION = 1;
				DEVELOPMENT_TEAM = X23V32HT8X;
				GENERATE_INFOPLIST_FILE = YES;
				IPHONEOS_DEPLOYMENT_TARGET = 15.2;
				MARKETING_VERSION = 1.0;
				PRODUCT_BUNDLE_IDENTIFIER = ink.codes.PodestUITests;
				PRODUCT_NAME = "$(TARGET_NAME)";
				SDKROOT = iphoneos;
				SWIFT_EMIT_LOC_STRINGS = NO;
				SWIFT_VERSION = 5.0;
				TARGETED_DEVICE_FAMILY = "1,2";
				TEST_TARGET_NAME = Podest;
				VALIDATE_PRODUCT = YES;
			};
			name = Release;
		};
		4CA1674A27933A570007248A /* Debug */ = {
			isa = XCBuildConfiguration;
			buildSettings = {
				ALWAYS_EMBED_SWIFT_STANDARD_LIBRARIES = YES;
				BUNDLE_LOADER = "$(TEST_HOST)";
				CODE_SIGN_STYLE = Automatic;
				CURRENT_PROJECT_VERSION = 1;
				DEVELOPMENT_TEAM = X23V32HT8X;
				GENERATE_INFOPLIST_FILE = YES;
				MARKETING_VERSION = 1.0;
				PRODUCT_BUNDLE_IDENTIFIER = "ink.codes.Podest-WatchKit-AppTests";
				PRODUCT_NAME = "$(TARGET_NAME)";
				SDKROOT = watchos;
				SWIFT_EMIT_LOC_STRINGS = NO;
				SWIFT_VERSION = 5.0;
				TARGETED_DEVICE_FAMILY = 4;
				TEST_HOST = "$(BUILT_PRODUCTS_DIR)/Podest WatchKit Extension.appex/Podest WatchKit Extension";
				WATCHOS_DEPLOYMENT_TARGET = 8.3;
			};
			name = Debug;
		};
		4CA1674B27933A570007248A /* Release */ = {
			isa = XCBuildConfiguration;
			buildSettings = {
				ALWAYS_EMBED_SWIFT_STANDARD_LIBRARIES = YES;
				BUNDLE_LOADER = "$(TEST_HOST)";
				CODE_SIGN_STYLE = Automatic;
				CURRENT_PROJECT_VERSION = 1;
				DEVELOPMENT_TEAM = X23V32HT8X;
				GENERATE_INFOPLIST_FILE = YES;
				MARKETING_VERSION = 1.0;
				PRODUCT_BUNDLE_IDENTIFIER = "ink.codes.Podest-WatchKit-AppTests";
				PRODUCT_NAME = "$(TARGET_NAME)";
				SDKROOT = watchos;
				SWIFT_EMIT_LOC_STRINGS = NO;
				SWIFT_VERSION = 5.0;
				TARGETED_DEVICE_FAMILY = 4;
				TEST_HOST = "$(BUILT_PRODUCTS_DIR)/Podest WatchKit Extension.appex/Podest WatchKit Extension";
				VALIDATE_PRODUCT = YES;
				WATCHOS_DEPLOYMENT_TARGET = 8.3;
			};
			name = Release;
		};
		4CA1674D27933A570007248A /* Debug */ = {
			isa = XCBuildConfiguration;
			buildSettings = {
				CODE_SIGN_STYLE = Automatic;
				CURRENT_PROJECT_VERSION = 1;
				DEVELOPMENT_TEAM = X23V32HT8X;
				GENERATE_INFOPLIST_FILE = YES;
				MARKETING_VERSION = 1.0;
				PRODUCT_BUNDLE_IDENTIFIER = "ink.codes.Podest-WatchKit-AppUITests";
				PRODUCT_NAME = "$(TARGET_NAME)";
				SDKROOT = watchos;
				SWIFT_EMIT_LOC_STRINGS = NO;
				SWIFT_VERSION = 5.0;
				TARGETED_DEVICE_FAMILY = 4;
				TEST_TARGET_NAME = "Podest WatchKit App";
				WATCHOS_DEPLOYMENT_TARGET = 8.3;
			};
			name = Debug;
		};
		4CA1674E27933A570007248A /* Release */ = {
			isa = XCBuildConfiguration;
			buildSettings = {
				CODE_SIGN_STYLE = Automatic;
				CURRENT_PROJECT_VERSION = 1;
				DEVELOPMENT_TEAM = X23V32HT8X;
				GENERATE_INFOPLIST_FILE = YES;
				MARKETING_VERSION = 1.0;
				PRODUCT_BUNDLE_IDENTIFIER = "ink.codes.Podest-WatchKit-AppUITests";
				PRODUCT_NAME = "$(TARGET_NAME)";
				SDKROOT = watchos;
				SWIFT_EMIT_LOC_STRINGS = NO;
				SWIFT_VERSION = 5.0;
				TARGETED_DEVICE_FAMILY = 4;
				TEST_TARGET_NAME = "Podest WatchKit App";
				VALIDATE_PRODUCT = YES;
				WATCHOS_DEPLOYMENT_TARGET = 8.3;
			};
			name = Release;
		};
/* End XCBuildConfiguration section */

/* Begin XCConfigurationList section */
		4CA166D627933A550007248A /* Build configuration list for PBXProject "Podest" */ = {
			isa = XCConfigurationList;
			buildConfigurations = (
				4CA1673627933A570007248A /* Debug */,
				4CA1673727933A570007248A /* Release */,
			);
			defaultConfigurationIsVisible = 0;
			defaultConfigurationName = Release;
		};
		4CA1673827933A570007248A /* Build configuration list for PBXNativeTarget "Podest WatchKit Extension" */ = {
			isa = XCConfigurationList;
			buildConfigurations = (
				4CA1673927933A570007248A /* Debug */,
				4CA1673A27933A570007248A /* Release */,
			);
			defaultConfigurationIsVisible = 0;
			defaultConfigurationName = Release;
		};
		4CA1673C27933A570007248A /* Build configuration list for PBXNativeTarget "Podest WatchKit App" */ = {
			isa = XCConfigurationList;
			buildConfigurations = (
				4CA1673D27933A570007248A /* Debug */,
				4CA1673E27933A570007248A /* Release */,
			);
			defaultConfigurationIsVisible = 0;
			defaultConfigurationName = Release;
		};
		4CA1674027933A570007248A /* Build configuration list for PBXNativeTarget "Podest" */ = {
			isa = XCConfigurationList;
			buildConfigurations = (
				4CA1674127933A570007248A /* Debug */,
				4CA1674227933A570007248A /* Release */,
			);
			defaultConfigurationIsVisible = 0;
			defaultConfigurationName = Release;
		};
		4CA1674327933A570007248A /* Build configuration list for PBXNativeTarget "PodestTests" */ = {
			isa = XCConfigurationList;
			buildConfigurations = (
				4CA1674427933A570007248A /* Debug */,
				4CA1674527933A570007248A /* Release */,
			);
			defaultConfigurationIsVisible = 0;
			defaultConfigurationName = Release;
		};
		4CA1674627933A570007248A /* Build configuration list for PBXNativeTarget "PodestUITests" */ = {
			isa = XCConfigurationList;
			buildConfigurations = (
				4CA1674727933A570007248A /* Debug */,
				4CA1674827933A570007248A /* Release */,
			);
			defaultConfigurationIsVisible = 0;
			defaultConfigurationName = Release;
		};
		4CA1674927933A570007248A /* Build configuration list for PBXNativeTarget "Podest WatchKit AppTests" */ = {
			isa = XCConfigurationList;
			buildConfigurations = (
				4CA1674A27933A570007248A /* Debug */,
				4CA1674B27933A570007248A /* Release */,
			);
			defaultConfigurationIsVisible = 0;
			defaultConfigurationName = Release;
		};
		4CA1674C27933A570007248A /* Build configuration list for PBXNativeTarget "Podest WatchKit AppUITests" */ = {
			isa = XCConfigurationList;
			buildConfigurations = (
				4CA1674D27933A570007248A /* Debug */,
				4CA1674E27933A570007248A /* Release */,
			);
			defaultConfigurationIsVisible = 0;
			defaultConfigurationName = Release;
		};
/* End XCConfigurationList section */
	};
	rootObject = 4CA166D327933A550007248A /* Project object */;
}
