// !$*UTF8*$!
{
	archiveVersion = 1;
	classes = {
	};
	objectVersion = 52;
	objects = {

/* Begin PBXBuildFile section */
		4C07C97621EB0C9600ED8AB0 /* StoreLayout.swift in Sources */ = {isa = PBXBuildFile; fileRef = 4C07C97521EB0C9600ED8AB0 /* StoreLayout.swift */; };
		4C07C97A21EBA69200ED8AB0 /* ArticleCollectionViewCell.swift in Sources */ = {isa = PBXBuildFile; fileRef = 4C07C97821EBA69200ED8AB0 /* ArticleCollectionViewCell.swift */; };
		4C07C97B21EBA69200ED8AB0 /* ArticleCollectionViewCell.xib in Resources */ = {isa = PBXBuildFile; fileRef = 4C07C97921EBA69200ED8AB0 /* ArticleCollectionViewCell.xib */; };
		4C0BE2501A4C2162004E82BF /* config.json in Resources */ = {isa = PBXBuildFile; fileRef = 4C0BE24F1A4C2162004E82BF /* config.json */; };
		4C12D0C3261B717700031140 /* Podcasts in Frameworks */ = {isa = PBXBuildFile; productRef = 4C12D0C2261B717700031140 /* Podcasts */; };
		4C17C19D230723480051FE23 /* Home.storyboard in Resources */ = {isa = PBXBuildFile; fileRef = 4C17C19C230723480051FE23 /* Home.storyboard */; };
		4C17C19F2307F2400051FE23 /* HomePresenting.swift in Sources */ = {isa = PBXBuildFile; fileRef = 4C17C19E2307F2400051FE23 /* HomePresenting.swift */; };
		4C17E47B2503F9440022EF0F /* PlayerViewController.swift in Sources */ = {isa = PBXBuildFile; fileRef = 4C17E47A2503F9440022EF0F /* PlayerViewController.swift */; };
		4C1B32CC21E7046A00E57931 /* DisplayTableViewCell.swift in Sources */ = {isa = PBXBuildFile; fileRef = 4C1B32CA21E7046A00E57931 /* DisplayTableViewCell.swift */; };
		4C1B32CD21E7046A00E57931 /* DisplayTableViewCell.xib in Resources */ = {isa = PBXBuildFile; fileRef = 4C1B32CB21E7046A00E57931 /* DisplayTableViewCell.xib */; };
		4C1F57A720810D850067AB7C /* ProductsViewController.swift in Sources */ = {isa = PBXBuildFile; fileRef = 4C1F57A620810D850067AB7C /* ProductsViewController.swift */; };
		4C1F57A92081C0690067AB7C /* ProductsDataSource.swift in Sources */ = {isa = PBXBuildFile; fileRef = 4C1F57A82081C0690067AB7C /* ProductsDataSource.swift */; };
		4C21F57F21D8A56500ED5D26 /* SubtitleTableViewCell.swift in Sources */ = {isa = PBXBuildFile; fileRef = 4C21F57D21D8A56500ED5D26 /* SubtitleTableViewCell.swift */; };
		4C21F58021D8A56500ED5D26 /* SubtitleTableViewCell.xib in Resources */ = {isa = PBXBuildFile; fileRef = 4C21F57E21D8A56500ED5D26 /* SubtitleTableViewCell.xib */; };
		4C233A1525D8617F001782AE /* InsetPresentation in Frameworks */ = {isa = PBXBuildFile; productRef = 4C233A1425D8617F001782AE /* InsetPresentation */; };
		4C2DAC18267A838A0069DD3F /* MiniPlayerHosting.swift in Sources */ = {isa = PBXBuildFile; fileRef = 4C2DAC17267A838A0069DD3F /* MiniPlayerHosting.swift */; };
		4C2DAC1A267A87080069DD3F /* VideoPlayerHosting.swift in Sources */ = {isa = PBXBuildFile; fileRef = 4C2DAC19267A87080069DD3F /* VideoPlayerHosting.swift */; };
		4C351CD11A7F5B7F00C5C88C /* SearchResultsDataSource.swift in Sources */ = {isa = PBXBuildFile; fileRef = 4C351CD01A7F5B7E00C5C88C /* SearchResultsDataSource.swift */; };
		4C377C8B2316D1D70038D9C8 /* ListTableViewDelegate.swift in Sources */ = {isa = PBXBuildFile; fileRef = 4C377C8A2316D1D70038D9C8 /* ListTableViewDelegate.swift */; };
		4C3CDC282085A6C300BADBF8 /* StoreButton.swift in Sources */ = {isa = PBXBuildFile; fileRef = 4C3CDC272085A6C300BADBF8 /* StoreButton.swift */; };
		4C3D86F925979C4100B93DF4 /* AirPlayButton.swift in Sources */ = {isa = PBXBuildFile; fileRef = 4C3D86F825979C4100B93DF4 /* AirPlayButton.swift */; };
		4C3D872A25987D0400B93DF4 /* Epic in Frameworks */ = {isa = PBXBuildFile; productRef = 4C3D872925987D0400B93DF4 /* Epic */; };
		4C42D9FB22E827A6007F80E2 /* PieView.swift in Sources */ = {isa = PBXBuildFile; fileRef = 4C42D9FA22E827A6007F80E2 /* PieView.swift */; };
		4C5F4E7C21CB79A300156D56 /* EntryRowSelectable.swift in Sources */ = {isa = PBXBuildFile; fileRef = 4C5F4E7B21CB79A300156D56 /* EntryRowSelectable.swift */; };
		4C6298E02310FC9800141103 /* Refreshing.swift in Sources */ = {isa = PBXBuildFile; fileRef = 4C6298DF2310FC9800141103 /* Refreshing.swift */; };
		4C728DC020623544005B739C /* PlaybackControlDelegate.swift in Sources */ = {isa = PBXBuildFile; fileRef = 4C728DBF20623544005B739C /* PlaybackControlDelegate.swift */; };
		4C72D4372270A5DA008F8B96 /* ActionSheetPresenting.swift in Sources */ = {isa = PBXBuildFile; fileRef = 4C72D4362270A5DA008F8B96 /* ActionSheetPresenting.swift */; };
		4C776B212084722C00A055CD /* MessageCollectionViewCell.swift in Sources */ = {isa = PBXBuildFile; fileRef = 4C776B1F2084722C00A055CD /* MessageCollectionViewCell.swift */; };
		4C776B222084722C00A055CD /* MessageCollectionViewCell.xib in Resources */ = {isa = PBXBuildFile; fileRef = 4C776B202084722C00A055CD /* MessageCollectionViewCell.xib */; };
		4C776B2920847D0900A055CD /* ProductCell.swift in Sources */ = {isa = PBXBuildFile; fileRef = 4C776B2720847D0900A055CD /* ProductCell.swift */; };
		4C776B2A20847D0900A055CD /* ProductCell.xib in Resources */ = {isa = PBXBuildFile; fileRef = 4C776B2820847D0900A055CD /* ProductCell.xib */; };
		4C8DCE071FFE75F800A6A61B /* List.storyboard in Resources */ = {isa = PBXBuildFile; fileRef = 4C8DCE061FFE75F800A6A61B /* List.storyboard */; };
		4C937B79256AD840001B406D /* Playback in Frameworks */ = {isa = PBXBuildFile; productRef = 4C937B78256AD840001B406D /* Playback */; };
		4C937B84256AD8B2001B406D /* HTMLAttributor in Frameworks */ = {isa = PBXBuildFile; productRef = 4C937B83256AD8B2001B406D /* HTMLAttributor */; };
		4C937B8F256AD8D2001B406D /* FileProxy in Frameworks */ = {isa = PBXBuildFile; productRef = 4C937B8E256AD8D2001B406D /* FileProxy */; };
		4C937B9A256AD8F1001B406D /* BatchUpdates in Frameworks */ = {isa = PBXBuildFile; productRef = 4C937B99256AD8F1001B406D /* BatchUpdates */; };
		4C937BA1256AD910001B406D /* FeedKit in Frameworks */ = {isa = PBXBuildFile; productRef = 4C937BA0256AD910001B406D /* FeedKit */; };
		4CA89794231794BD006E16A9 /* ListUpdating.swift in Sources */ = {isa = PBXBuildFile; fileRef = 4CA89793231794BD006E16A9 /* ListUpdating.swift */; };
		4CA9C292226CDA5C002BCCB5 /* ListOperation.swift in Sources */ = {isa = PBXBuildFile; fileRef = 4CA9C291226CDA5C002BCCB5 /* ListOperation.swift */; };
		4CB6CF3C22BE7F91002452BF /* TopLine.swift in Sources */ = {isa = PBXBuildFile; fileRef = 4CB6CF3B22BE7F91002452BF /* TopLine.swift */; };
		4CB6EEC124252A48006F09B7 /* MiniPlayerContextMenuInteraction.swift in Sources */ = {isa = PBXBuildFile; fileRef = 4CB6EEC024252A48006F09B7 /* MiniPlayerContextMenuInteraction.swift */; };
		4CB6EEC424260F2A006F09B7 /* ListContextMenuInteraction.swift in Sources */ = {isa = PBXBuildFile; fileRef = 4CB6EEC324260F2A006F09B7 /* ListContextMenuInteraction.swift */; };
		4CB6EEC624266F81006F09B7 /* SearchResultsContextMenu.swift in Sources */ = {isa = PBXBuildFile; fileRef = 4CB6EEC524266F81006F09B7 /* SearchResultsContextMenu.swift */; };
		4CB6EECA24268AE6006F09B7 /* Unsubscribing.swift in Sources */ = {isa = PBXBuildFile; fileRef = 4CB6EEC924268AE6006F09B7 /* Unsubscribing.swift */; };
		4CB6EECF24274265006F09B7 /* Dequeueing.swift in Sources */ = {isa = PBXBuildFile; fileRef = 4CB6EECE24274265006F09B7 /* Dequeueing.swift */; };
		4CB6EED1242771DB006F09B7 /* MakeEpisode.swift in Sources */ = {isa = PBXBuildFile; fileRef = 4CB6EED0242771DB006F09B7 /* MakeEpisode.swift */; };
		4CB6EED324278050006F09B7 /* MakeList.swift in Sources */ = {isa = PBXBuildFile; fileRef = 4CB6EED224278050006F09B7 /* MakeList.swift */; };
		4CB6EED52428B9FE006F09B7 /* EpisodeContext.swift in Sources */ = {isa = PBXBuildFile; fileRef = 4CB6EED42428B9FE006F09B7 /* EpisodeContext.swift */; };
		4CBB836620D667AF008330E2 /* Settings.bundle in Resources */ = {isa = PBXBuildFile; fileRef = 4CBB836520D667AF008330E2 /* Settings.bundle */; };
		4CCBF20C20805F5C00A7359F /* products.json in Resources */ = {isa = PBXBuildFile; fileRef = 4CCBF20B20805F5C00A7359F /* products.json */; };
		4CCBF21320809E4C00A7359F /* Store.storyboard in Resources */ = {isa = PBXBuildFile; fileRef = 4CCBF21220809E4C00A7359F /* Store.storyboard */; };
		4CE1445726223FAD00B60130 /* Gateway.swift in Sources */ = {isa = PBXBuildFile; fileRef = 4CE1445626223FAD00B60130 /* Gateway.swift */; };
		4CE20ACC1A31C66C0052C360 /* SearchResultsController.swift in Sources */ = {isa = PBXBuildFile; fileRef = 4CE20ACB1A31C66C0052C360 /* SearchResultsController.swift */; };
		4CE20AD01A31EAAD0052C360 /* SuggestionCell.xib in Resources */ = {isa = PBXBuildFile; fileRef = 4CE20ACF1A31EAAD0052C360 /* SuggestionCell.xib */; };
		4CE8586D21A16B9D00D206FA /* Player.swift in Sources */ = {isa = PBXBuildFile; fileRef = 4CE8586C21A16B9D00D206FA /* Player.swift */; };
		4CEC436521D68BD50097FFA7 /* MessageTableViewCell.swift in Sources */ = {isa = PBXBuildFile; fileRef = 4CEC436321D68BD50097FFA7 /* MessageTableViewCell.swift */; };
		4CEC436621D68BD50097FFA7 /* MessageTableViewCell.xib in Resources */ = {isa = PBXBuildFile; fileRef = 4CEC436421D68BD50097FFA7 /* MessageTableViewCell.xib */; };
		4CED20D8226C2CFC0049B88D /* QueueTableViewDelegate.swift in Sources */ = {isa = PBXBuildFile; fileRef = 4CED20D7226C2CFC0049B88D /* QueueTableViewDelegate.swift */; };
		4CED20DA226C2E8D0049B88D /* QueueStoreAccessDelegate.swift in Sources */ = {isa = PBXBuildFile; fileRef = 4CED20D9226C2E8D0049B88D /* QueueStoreAccessDelegate.swift */; };
		4CED20DC226C30DE0049B88D /* QueueUpdating.swift in Sources */ = {isa = PBXBuildFile; fileRef = 4CED20DB226C30DE0049B88D /* QueueUpdating.swift */; };
		4CF2DEA221DDD8E300A0F6EC /* ReusableNib.swift in Sources */ = {isa = PBXBuildFile; fileRef = 4CF2DEA121DDD8E300A0F6EC /* ReusableNib.swift */; };
		4CF5674C207F362300C77C1D /* StoreKit.framework in Frameworks */ = {isa = PBXBuildFile; fileRef = 4CF5674B207F362300C77C1D /* StoreKit.framework */; };
		4CF7CB4F25BDE65400356510 /* PlayerTransitioningDelegate.swift in Sources */ = {isa = PBXBuildFile; fileRef = 4CF7CB4E25BDE65400356510 /* PlayerTransitioningDelegate.swift */; };
		4CF7CB5525BDE69200356510 /* PlayerPresentationController.swift in Sources */ = {isa = PBXBuildFile; fileRef = 4CF7CB5425BDE69200356510 /* PlayerPresentationController.swift */; };
		4CFEE33821C7B101008B2EC0 /* SearchControllerProxy.swift in Sources */ = {isa = PBXBuildFile; fileRef = 4CFEE33721C7B101008B2EC0 /* SearchControllerProxy.swift */; };
		4E2EF3161E8D0C39008FE123 /* EpisodeAnimator.swift in Sources */ = {isa = PBXBuildFile; fileRef = 4E2EF3151E8D0C39008FE123 /* EpisodeAnimator.swift */; };
		4E684D4C1C5F3201004699A1 /* EpisodeViewController.swift in Sources */ = {isa = PBXBuildFile; fileRef = 4E684D4B1C5F3201004699A1 /* EpisodeViewController.swift */; };
		4E765EFE1FA1895100FD6D73 /* CloudKit.framework in Frameworks */ = {isa = PBXBuildFile; fileRef = 4E65BB311F13E30600C7F1A3 /* CloudKit.framework */; };
		4E7D10B31F6644DA0048CB43 /* QueueDataSource.swift in Sources */ = {isa = PBXBuildFile; fileRef = 4E7D10B21F6644DA0048CB43 /* QueueDataSource.swift */; };
		4E7F29151E7AE1E100E12846 /* Episode.storyboard in Resources */ = {isa = PBXBuildFile; fileRef = 4E7F29141E7AE1E100E12846 /* Episode.storyboard */; };
		4E7F291B1E7D799200E12846 /* RootViewController.swift in Sources */ = {isa = PBXBuildFile; fileRef = 4E7F291A1E7D799200E12846 /* RootViewController.swift */; };
		4E7F291F1E7FC11300E12846 /* MiniPlayerViewController.swift in Sources */ = {isa = PBXBuildFile; fileRef = 4E7F291E1E7FC11300E12846 /* MiniPlayerViewController.swift */; };
		4E7F29231E7FDE9E00E12846 /* MiniPlayer.storyboard in Resources */ = {isa = PBXBuildFile; fileRef = 4E7F29221E7FDE9E00E12846 /* MiniPlayer.storyboard */; };
		4E8CA7071A126ADB004DE307 /* AppDelegate.swift in Sources */ = {isa = PBXBuildFile; fileRef = 4E8CA7061A126ADB004DE307 /* AppDelegate.swift */; };
		4E8CA7091A126ADB004DE307 /* QueueViewController.swift in Sources */ = {isa = PBXBuildFile; fileRef = 4E8CA7081A126ADB004DE307 /* QueueViewController.swift */; };
		4E8CA70B1A126ADB004DE307 /* ListViewController.swift in Sources */ = {isa = PBXBuildFile; fileRef = 4E8CA70A1A126ADB004DE307 /* ListViewController.swift */; };
		4E8CA70E1A126ADB004DE307 /* Main.storyboard in Resources */ = {isa = PBXBuildFile; fileRef = 4E8CA70C1A126ADB004DE307 /* Main.storyboard */; };
		4E8CA7101A126ADB004DE307 /* Media.xcassets in Resources */ = {isa = PBXBuildFile; fileRef = 4E8CA70F1A126ADB004DE307 /* Media.xcassets */; };
		4E8CA7131A126ADB004DE307 /* LaunchScreen.xib in Resources */ = {isa = PBXBuildFile; fileRef = 4E8CA7111A126ADB004DE307 /* LaunchScreen.xib */; };
		4EA2F7661FB2D58000A72195 /* ListDataSource.swift in Sources */ = {isa = PBXBuildFile; fileRef = 4EA2F7651FB2D58000A72195 /* ListDataSource.swift */; };
		4ED4D4171E9D239A0011C28C /* SuggestionCell.swift in Sources */ = {isa = PBXBuildFile; fileRef = 4ED4D4161E9D239A0011C28C /* SuggestionCell.swift */; };
		4ED4D4371EA470C90011C28C /* Podest.swift in Sources */ = {isa = PBXBuildFile; fileRef = 4ED4D4361EA470C90011C28C /* Podest.swift */; };
		4EF1A3511EB837D100E41F84 /* PlaySwitch.swift in Sources */ = {isa = PBXBuildFile; fileRef = 4EF1A34F1EB837D100E41F84 /* PlaySwitch.swift */; };
		4EFEEBDC1E7465EA00169153 /* MessageView.xib in Resources */ = {isa = PBXBuildFile; fileRef = 4EFEEBDB1E7465EA00169153 /* MessageView.xib */; };
		4EFEEBDE1E75493900169153 /* MessageView.swift in Sources */ = {isa = PBXBuildFile; fileRef = 4EFEEBDD1E75493900169153 /* MessageView.swift */; };
/* End PBXBuildFile section */

/* Begin PBXCopyFilesBuildPhase section */
		4CB8825B1CC0D44700740102 /* Embed Frameworks */ = {
			isa = PBXCopyFilesBuildPhase;
			buildActionMask = 12;
			dstPath = "";
			dstSubfolderSpec = 10;
			files = (
			);
			name = "Embed Frameworks";
			runOnlyForDeploymentPostprocessing = 0;
		};
/* End PBXCopyFilesBuildPhase section */

/* Begin PBXFileReference section */
		4C010A2A2101DBB00006CB53 /* FeedKit.framework */ = {isa = PBXFileReference; explicitFileType = wrapper.framework; path = FeedKit.framework; sourceTree = BUILT_PRODUCTS_DIR; };
		4C07C97521EB0C9600ED8AB0 /* StoreLayout.swift */ = {isa = PBXFileReference; lastKnownFileType = sourcecode.swift; path = StoreLayout.swift; sourceTree = "<group>"; };
		4C07C97821EBA69200ED8AB0 /* ArticleCollectionViewCell.swift */ = {isa = PBXFileReference; lastKnownFileType = sourcecode.swift; path = ArticleCollectionViewCell.swift; sourceTree = "<group>"; };
		4C07C97921EBA69200ED8AB0 /* ArticleCollectionViewCell.xib */ = {isa = PBXFileReference; lastKnownFileType = file.xib; path = ArticleCollectionViewCell.xib; sourceTree = "<group>"; };
		4C0BE24F1A4C2162004E82BF /* config.json */ = {isa = PBXFileReference; fileEncoding = 4; lastKnownFileType = text.json; path = config.json; sourceTree = "<group>"; };
		4C17C19C230723480051FE23 /* Home.storyboard */ = {isa = PBXFileReference; lastKnownFileType = file.storyboard; path = Home.storyboard; sourceTree = "<group>"; };
		4C17C19E2307F2400051FE23 /* HomePresenting.swift */ = {isa = PBXFileReference; lastKnownFileType = sourcecode.swift; path = HomePresenting.swift; sourceTree = "<group>"; };
		4C17E47A2503F9440022EF0F /* PlayerViewController.swift */ = {isa = PBXFileReference; lastKnownFileType = sourcecode.swift; path = PlayerViewController.swift; sourceTree = "<group>"; };
		4C1B32CA21E7046A00E57931 /* DisplayTableViewCell.swift */ = {isa = PBXFileReference; lastKnownFileType = sourcecode.swift; path = DisplayTableViewCell.swift; sourceTree = "<group>"; };
		4C1B32CB21E7046A00E57931 /* DisplayTableViewCell.xib */ = {isa = PBXFileReference; lastKnownFileType = file.xib; path = DisplayTableViewCell.xib; sourceTree = "<group>"; };
		4C1F57A620810D850067AB7C /* ProductsViewController.swift */ = {isa = PBXFileReference; lastKnownFileType = sourcecode.swift; path = ProductsViewController.swift; sourceTree = "<group>"; };
		4C1F57A82081C0690067AB7C /* ProductsDataSource.swift */ = {isa = PBXFileReference; lastKnownFileType = sourcecode.swift; path = ProductsDataSource.swift; sourceTree = "<group>"; };
		4C21F57D21D8A56500ED5D26 /* SubtitleTableViewCell.swift */ = {isa = PBXFileReference; lastKnownFileType = sourcecode.swift; path = SubtitleTableViewCell.swift; sourceTree = "<group>"; };
		4C21F57E21D8A56500ED5D26 /* SubtitleTableViewCell.xib */ = {isa = PBXFileReference; lastKnownFileType = file.xib; path = SubtitleTableViewCell.xib; sourceTree = "<group>"; };
		4C2CBBB625698C640097AD48 /* CHANGELOG.md */ = {isa = PBXFileReference; fileEncoding = 4; lastKnownFileType = net.daringfireball.markdown; path = CHANGELOG.md; sourceTree = "<group>"; };
		4C2CBBB725698C640097AD48 /* README.md */ = {isa = PBXFileReference; fileEncoding = 4; lastKnownFileType = net.daringfireball.markdown; path = README.md; sourceTree = "<group>"; };
		4C2CBBB825698C640097AD48 /* LICENSE */ = {isa = PBXFileReference; fileEncoding = 4; lastKnownFileType = text; path = LICENSE; sourceTree = "<group>"; };
		4C2DAC17267A838A0069DD3F /* MiniPlayerHosting.swift */ = {isa = PBXFileReference; lastKnownFileType = sourcecode.swift; path = MiniPlayerHosting.swift; sourceTree = "<group>"; };
		4C2DAC19267A87080069DD3F /* VideoPlayerHosting.swift */ = {isa = PBXFileReference; lastKnownFileType = sourcecode.swift; path = VideoPlayerHosting.swift; sourceTree = "<group>"; };
		4C2EDA4D2239699100528E99 /* HTMLAttributor.framework */ = {isa = PBXFileReference; explicitFileType = wrapper.framework; path = HTMLAttributor.framework; sourceTree = BUILT_PRODUCTS_DIR; };
		4C351CD01A7F5B7E00C5C88C /* SearchResultsDataSource.swift */ = {isa = PBXFileReference; fileEncoding = 4; lastKnownFileType = sourcecode.swift; path = SearchResultsDataSource.swift; sourceTree = "<group>"; };
		4C377C8A2316D1D70038D9C8 /* ListTableViewDelegate.swift */ = {isa = PBXFileReference; lastKnownFileType = sourcecode.swift; path = ListTableViewDelegate.swift; sourceTree = "<group>"; };
		4C3CDC272085A6C300BADBF8 /* StoreButton.swift */ = {isa = PBXFileReference; lastKnownFileType = sourcecode.swift; path = StoreButton.swift; sourceTree = "<group>"; };
		4C3D86F825979C4100B93DF4 /* AirPlayButton.swift */ = {isa = PBXFileReference; lastKnownFileType = sourcecode.swift; path = AirPlayButton.swift; sourceTree = "<group>"; };
		4C42D9FA22E827A6007F80E2 /* PieView.swift */ = {isa = PBXFileReference; fileEncoding = 4; lastKnownFileType = sourcecode.swift; path = PieView.swift; sourceTree = "<group>"; };
		4C5C9E4522396FED006DF298 /* fileproxy.framework */ = {isa = PBXFileReference; explicitFileType = wrapper.framework; path = fileproxy.framework; sourceTree = BUILT_PRODUCTS_DIR; };
		4C5C9E542239715B006DF298 /* FileProxy.framework */ = {isa = PBXFileReference; explicitFileType = wrapper.framework; path = FileProxy.framework; sourceTree = BUILT_PRODUCTS_DIR; };
		4C5F4E7B21CB79A300156D56 /* EntryRowSelectable.swift */ = {isa = PBXFileReference; lastKnownFileType = sourcecode.swift; path = EntryRowSelectable.swift; sourceTree = "<group>"; };
		4C6298DF2310FC9800141103 /* Refreshing.swift */ = {isa = PBXFileReference; lastKnownFileType = sourcecode.swift; path = Refreshing.swift; sourceTree = "<group>"; };
		4C6AE31321D0023600476E7E /* FanboyKit.framework */ = {isa = PBXFileReference; explicitFileType = wrapper.framework; path = FanboyKit.framework; sourceTree = BUILT_PRODUCTS_DIR; };
		4C6AE31521D0023600476E7E /* FeedKit.framework */ = {isa = PBXFileReference; explicitFileType = wrapper.framework; path = FeedKit.framework; sourceTree = BUILT_PRODUCTS_DIR; };
		4C6AE31721D0023600476E7E /* MangerKit.framework */ = {isa = PBXFileReference; explicitFileType = wrapper.framework; path = MangerKit.framework; sourceTree = BUILT_PRODUCTS_DIR; };
		4C6AE31921D0023600476E7E /* Nuke.framework */ = {isa = PBXFileReference; explicitFileType = wrapper.framework; path = Nuke.framework; sourceTree = BUILT_PRODUCTS_DIR; };
		4C6AE31B21D0023600476E7E /* Ola.framework */ = {isa = PBXFileReference; explicitFileType = wrapper.framework; path = Ola.framework; sourceTree = BUILT_PRODUCTS_DIR; };
		4C6AE31D21D0023600476E7E /* Patron.framework */ = {isa = PBXFileReference; explicitFileType = wrapper.framework; path = Patron.framework; sourceTree = BUILT_PRODUCTS_DIR; };
		4C6AE31F21D0023600476E7E /* Playback.framework */ = {isa = PBXFileReference; explicitFileType = wrapper.framework; path = Playback.framework; sourceTree = BUILT_PRODUCTS_DIR; };
		4C6AE32121D0023600476E7E /* Skull.framework */ = {isa = PBXFileReference; explicitFileType = wrapper.framework; path = Skull.framework; sourceTree = BUILT_PRODUCTS_DIR; };
		4C728DBF20623544005B739C /* PlaybackControlDelegate.swift */ = {isa = PBXFileReference; lastKnownFileType = sourcecode.swift; path = PlaybackControlDelegate.swift; sourceTree = "<group>"; };
		4C72D43022702ADB008F8B96 /* BatchUpdates.framework */ = {isa = PBXFileReference; lastKnownFileType = wrapper.framework; path = BatchUpdates.framework; sourceTree = BUILT_PRODUCTS_DIR; };
		4C72D4362270A5DA008F8B96 /* ActionSheetPresenting.swift */ = {isa = PBXFileReference; lastKnownFileType = sourcecode.swift; path = ActionSheetPresenting.swift; sourceTree = "<group>"; };
		4C776B1F2084722C00A055CD /* MessageCollectionViewCell.swift */ = {isa = PBXFileReference; lastKnownFileType = sourcecode.swift; path = MessageCollectionViewCell.swift; sourceTree = "<group>"; };
		4C776B202084722C00A055CD /* MessageCollectionViewCell.xib */ = {isa = PBXFileReference; lastKnownFileType = file.xib; path = MessageCollectionViewCell.xib; sourceTree = "<group>"; };
		4C776B2720847D0900A055CD /* ProductCell.swift */ = {isa = PBXFileReference; lastKnownFileType = sourcecode.swift; path = ProductCell.swift; sourceTree = "<group>"; };
		4C776B2820847D0900A055CD /* ProductCell.xib */ = {isa = PBXFileReference; lastKnownFileType = file.xib; path = ProductCell.xib; sourceTree = "<group>"; };
		4C7C3FD922A262B600B77157 /* FeedKit.framework */ = {isa = PBXFileReference; explicitFileType = wrapper.framework; path = FeedKit.framework; sourceTree = BUILT_PRODUCTS_DIR; };
		4C8DCE061FFE75F800A6A61B /* List.storyboard */ = {isa = PBXFileReference; lastKnownFileType = file.storyboard; path = List.storyboard; sourceTree = "<group>"; };
		4C9AF4CA223AC032000B1C2D /* FileProxy.framework */ = {isa = PBXFileReference; explicitFileType = wrapper.framework; path = FileProxy.framework; sourceTree = BUILT_PRODUCTS_DIR; };
		4C9AF4CC223AC032000B1C2D /* HTMLAttributor.framework */ = {isa = PBXFileReference; explicitFileType = wrapper.framework; path = HTMLAttributor.framework; sourceTree = BUILT_PRODUCTS_DIR; };
		4C9AF4CE223AC032000B1C2D /* Playback.framework */ = {isa = PBXFileReference; explicitFileType = wrapper.framework; path = Playback.framework; sourceTree = BUILT_PRODUCTS_DIR; };
		4CA89793231794BD006E16A9 /* ListUpdating.swift */ = {isa = PBXFileReference; lastKnownFileType = sourcecode.swift; path = ListUpdating.swift; sourceTree = "<group>"; };
		4CA9C291226CDA5C002BCCB5 /* ListOperation.swift */ = {isa = PBXFileReference; lastKnownFileType = sourcecode.swift; path = ListOperation.swift; sourceTree = "<group>"; };
		4CB6CF3B22BE7F91002452BF /* TopLine.swift */ = {isa = PBXFileReference; lastKnownFileType = sourcecode.swift; path = TopLine.swift; sourceTree = "<group>"; };
		4CB6EEC024252A48006F09B7 /* MiniPlayerContextMenuInteraction.swift */ = {isa = PBXFileReference; lastKnownFileType = sourcecode.swift; path = MiniPlayerContextMenuInteraction.swift; sourceTree = "<group>"; };
		4CB6EEC324260F2A006F09B7 /* ListContextMenuInteraction.swift */ = {isa = PBXFileReference; lastKnownFileType = sourcecode.swift; path = ListContextMenuInteraction.swift; sourceTree = "<group>"; };
		4CB6EEC524266F81006F09B7 /* SearchResultsContextMenu.swift */ = {isa = PBXFileReference; lastKnownFileType = sourcecode.swift; path = SearchResultsContextMenu.swift; sourceTree = "<group>"; };
		4CB6EEC924268AE6006F09B7 /* Unsubscribing.swift */ = {isa = PBXFileReference; lastKnownFileType = sourcecode.swift; path = Unsubscribing.swift; sourceTree = "<group>"; };
		4CB6EECE24274265006F09B7 /* Dequeueing.swift */ = {isa = PBXFileReference; lastKnownFileType = sourcecode.swift; path = Dequeueing.swift; sourceTree = "<group>"; };
		4CB6EED0242771DB006F09B7 /* MakeEpisode.swift */ = {isa = PBXFileReference; lastKnownFileType = sourcecode.swift; path = MakeEpisode.swift; sourceTree = "<group>"; };
		4CB6EED224278050006F09B7 /* MakeList.swift */ = {isa = PBXFileReference; lastKnownFileType = sourcecode.swift; path = MakeList.swift; sourceTree = "<group>"; };
		4CB6EED42428B9FE006F09B7 /* EpisodeContext.swift */ = {isa = PBXFileReference; lastKnownFileType = sourcecode.swift; path = EpisodeContext.swift; sourceTree = "<group>"; };
		4CBB836520D667AF008330E2 /* Settings.bundle */ = {isa = PBXFileReference; lastKnownFileType = "wrapper.plug-in"; path = Settings.bundle; sourceTree = "<group>"; };
		4CCBF20B20805F5C00A7359F /* products.json */ = {isa = PBXFileReference; lastKnownFileType = text.json; path = products.json; sourceTree = "<group>"; };
		4CCBF21220809E4C00A7359F /* Store.storyboard */ = {isa = PBXFileReference; lastKnownFileType = file.storyboard; path = Store.storyboard; sourceTree = "<group>"; };
		4CE1445626223FAD00B60130 /* Gateway.swift */ = {isa = PBXFileReference; lastKnownFileType = sourcecode.swift; path = Gateway.swift; sourceTree = "<group>"; };
		4CE20ACB1A31C66C0052C360 /* SearchResultsController.swift */ = {isa = PBXFileReference; fileEncoding = 4; lastKnownFileType = sourcecode.swift; path = SearchResultsController.swift; sourceTree = "<group>"; };
		4CE20ACF1A31EAAD0052C360 /* SuggestionCell.xib */ = {isa = PBXFileReference; fileEncoding = 4; lastKnownFileType = file.xib; path = SuggestionCell.xib; sourceTree = "<group>"; };
		4CE8586C21A16B9D00D206FA /* Player.swift */ = {isa = PBXFileReference; lastKnownFileType = sourcecode.swift; path = Player.swift; sourceTree = "<group>"; };
		4CE9693721DF660C00AEF409 /* FanboyKit.framework */ = {isa = PBXFileReference; explicitFileType = wrapper.framework; path = FanboyKit.framework; sourceTree = BUILT_PRODUCTS_DIR; };
		4CE9693921DF660C00AEF409 /* FeedKit.framework */ = {isa = PBXFileReference; explicitFileType = wrapper.framework; path = FeedKit.framework; sourceTree = BUILT_PRODUCTS_DIR; };
		4CE9693B21DF660C00AEF409 /* MangerKit.framework */ = {isa = PBXFileReference; explicitFileType = wrapper.framework; path = MangerKit.framework; sourceTree = BUILT_PRODUCTS_DIR; };
		4CE9693D21DF660C00AEF409 /* Nuke.framework */ = {isa = PBXFileReference; explicitFileType = wrapper.framework; path = Nuke.framework; sourceTree = BUILT_PRODUCTS_DIR; };
		4CE9693F21DF660C00AEF409 /* Ola.framework */ = {isa = PBXFileReference; explicitFileType = wrapper.framework; path = Ola.framework; sourceTree = BUILT_PRODUCTS_DIR; };
		4CE9694121DF660C00AEF409 /* Patron.framework */ = {isa = PBXFileReference; explicitFileType = wrapper.framework; path = Patron.framework; sourceTree = BUILT_PRODUCTS_DIR; };
		4CE9694321DF660C00AEF409 /* Playback.framework */ = {isa = PBXFileReference; explicitFileType = wrapper.framework; path = Playback.framework; sourceTree = BUILT_PRODUCTS_DIR; };
		4CE9694521DF660C00AEF409 /* Skull.framework */ = {isa = PBXFileReference; explicitFileType = wrapper.framework; path = Skull.framework; sourceTree = BUILT_PRODUCTS_DIR; };
		4CEC436321D68BD50097FFA7 /* MessageTableViewCell.swift */ = {isa = PBXFileReference; lastKnownFileType = sourcecode.swift; path = MessageTableViewCell.swift; sourceTree = "<group>"; };
		4CEC436421D68BD50097FFA7 /* MessageTableViewCell.xib */ = {isa = PBXFileReference; lastKnownFileType = file.xib; path = MessageTableViewCell.xib; sourceTree = "<group>"; };
		4CED20D7226C2CFC0049B88D /* QueueTableViewDelegate.swift */ = {isa = PBXFileReference; lastKnownFileType = sourcecode.swift; path = QueueTableViewDelegate.swift; sourceTree = "<group>"; };
		4CED20D9226C2E8D0049B88D /* QueueStoreAccessDelegate.swift */ = {isa = PBXFileReference; lastKnownFileType = sourcecode.swift; path = QueueStoreAccessDelegate.swift; sourceTree = "<group>"; };
		4CED20DB226C30DE0049B88D /* QueueUpdating.swift */ = {isa = PBXFileReference; lastKnownFileType = sourcecode.swift; path = QueueUpdating.swift; sourceTree = "<group>"; };
		4CED2105226C348D0049B88D /* BatchUpdates.framework */ = {isa = PBXFileReference; explicitFileType = wrapper.framework; path = BatchUpdates.framework; sourceTree = BUILT_PRODUCTS_DIR; };
		4CED2109226C351C0049B88D /* BatchUpdates.framework */ = {isa = PBXFileReference; explicitFileType = wrapper.framework; path = BatchUpdates.framework; sourceTree = BUILT_PRODUCTS_DIR; };
		4CED210B226C353D0049B88D /* BatchUpdates.framework */ = {isa = PBXFileReference; explicitFileType = wrapper.framework; path = BatchUpdates.framework; sourceTree = BUILT_PRODUCTS_DIR; };
		4CED210D226C354F0049B88D /* BatchUpdates.framework */ = {isa = PBXFileReference; explicitFileType = wrapper.framework; path = BatchUpdates.framework; sourceTree = BUILT_PRODUCTS_DIR; };
		4CED210F226C35980049B88D /* BatchUpdates.framework */ = {isa = PBXFileReference; explicitFileType = wrapper.framework; path = BatchUpdates.framework; sourceTree = BUILT_PRODUCTS_DIR; };
		4CF2DEA121DDD8E300A0F6EC /* ReusableNib.swift */ = {isa = PBXFileReference; lastKnownFileType = sourcecode.swift; path = ReusableNib.swift; sourceTree = "<group>"; };
		4CF5674B207F362300C77C1D /* StoreKit.framework */ = {isa = PBXFileReference; lastKnownFileType = wrapper.framework; name = StoreKit.framework; path = System/Library/Frameworks/StoreKit.framework; sourceTree = SDKROOT; };
		4CF7CB4E25BDE65400356510 /* PlayerTransitioningDelegate.swift */ = {isa = PBXFileReference; lastKnownFileType = sourcecode.swift; path = PlayerTransitioningDelegate.swift; sourceTree = "<group>"; };
		4CF7CB5425BDE69200356510 /* PlayerPresentationController.swift */ = {isa = PBXFileReference; lastKnownFileType = sourcecode.swift; path = PlayerPresentationController.swift; sourceTree = "<group>"; };
		4CFEE33721C7B101008B2EC0 /* SearchControllerProxy.swift */ = {isa = PBXFileReference; lastKnownFileType = sourcecode.swift; path = SearchControllerProxy.swift; sourceTree = "<group>"; };
		4E180F9B1F8394CC00976A3A /* Nuke.framework */ = {isa = PBXFileReference; explicitFileType = wrapper.framework; path = Nuke.framework; sourceTree = BUILT_PRODUCTS_DIR; };
		4E180FA41F83951A00976A3A /* FanboyKit.framework */ = {isa = PBXFileReference; explicitFileType = wrapper.framework; path = FanboyKit.framework; sourceTree = BUILT_PRODUCTS_DIR; };
		4E180FA51F83951A00976A3A /* FeedKit.framework */ = {isa = PBXFileReference; explicitFileType = wrapper.framework; path = FeedKit.framework; sourceTree = BUILT_PRODUCTS_DIR; };
		4E180FA61F83951A00976A3A /* MangerKit.framework */ = {isa = PBXFileReference; explicitFileType = wrapper.framework; path = MangerKit.framework; sourceTree = BUILT_PRODUCTS_DIR; };
		4E180FA71F83951A00976A3A /* Ola.framework */ = {isa = PBXFileReference; explicitFileType = wrapper.framework; path = Ola.framework; sourceTree = BUILT_PRODUCTS_DIR; };
		4E180FA81F83951A00976A3A /* Patron.framework */ = {isa = PBXFileReference; explicitFileType = wrapper.framework; path = Patron.framework; sourceTree = BUILT_PRODUCTS_DIR; };
		4E180FA91F83951A00976A3A /* Playback.framework */ = {isa = PBXFileReference; explicitFileType = wrapper.framework; path = Playback.framework; sourceTree = BUILT_PRODUCTS_DIR; };
		4E180FAA1F83951A00976A3A /* Skull.framework */ = {isa = PBXFileReference; explicitFileType = wrapper.framework; path = Skull.framework; sourceTree = BUILT_PRODUCTS_DIR; };
		4E2EF3151E8D0C39008FE123 /* EpisodeAnimator.swift */ = {isa = PBXFileReference; fileEncoding = 4; lastKnownFileType = sourcecode.swift; path = EpisodeAnimator.swift; sourceTree = "<group>"; };
		4E5C0F141EF2CC3600B090EF /* Playback.framework */ = {isa = PBXFileReference; lastKnownFileType = wrapper.framework; name = Playback.framework; path = "../../Library/Developer/Xcode/DerivedData/podest-cxrwkbilpoiklmejexzjehpjqzub/Build/Products/Debug-iphonesimulator/Playback.framework"; sourceTree = "<group>"; };
		4E65BB311F13E30600C7F1A3 /* CloudKit.framework */ = {isa = PBXFileReference; lastKnownFileType = wrapper.framework; name = CloudKit.framework; path = System/Library/Frameworks/CloudKit.framework; sourceTree = SDKROOT; };
		4E684D4B1C5F3201004699A1 /* EpisodeViewController.swift */ = {isa = PBXFileReference; fileEncoding = 4; lastKnownFileType = sourcecode.swift; lineEnding = 0; path = EpisodeViewController.swift; sourceTree = "<group>"; xcLanguageSpecificationIdentifier = xcode.lang.swift; };
		4E7D10B21F6644DA0048CB43 /* QueueDataSource.swift */ = {isa = PBXFileReference; fileEncoding = 4; lastKnownFileType = sourcecode.swift; path = QueueDataSource.swift; sourceTree = "<group>"; };
		4E7E284C1EE1182E00058AB3 /* Podest.entitlements */ = {isa = PBXFileReference; lastKnownFileType = text.plist.entitlements; path = Podest.entitlements; sourceTree = "<group>"; };
		4E7F29141E7AE1E100E12846 /* Episode.storyboard */ = {isa = PBXFileReference; fileEncoding = 4; lastKnownFileType = file.storyboard; path = Episode.storyboard; sourceTree = "<group>"; };
		4E7F291A1E7D799200E12846 /* RootViewController.swift */ = {isa = PBXFileReference; fileEncoding = 4; lastKnownFileType = sourcecode.swift; lineEnding = 0; path = RootViewController.swift; sourceTree = "<group>"; xcLanguageSpecificationIdentifier = xcode.lang.swift; };
		4E7F291E1E7FC11300E12846 /* MiniPlayerViewController.swift */ = {isa = PBXFileReference; fileEncoding = 4; lastKnownFileType = sourcecode.swift; lineEnding = 0; path = MiniPlayerViewController.swift; sourceTree = "<group>"; xcLanguageSpecificationIdentifier = xcode.lang.swift; };
		4E7F29221E7FDE9E00E12846 /* MiniPlayer.storyboard */ = {isa = PBXFileReference; fileEncoding = 4; lastKnownFileType = file.storyboard; path = MiniPlayer.storyboard; sourceTree = "<group>"; };
		4E8CA7011A126ADB004DE307 /* Podest.app */ = {isa = PBXFileReference; explicitFileType = wrapper.application; includeInIndex = 0; path = Podest.app; sourceTree = BUILT_PRODUCTS_DIR; };
		4E8CA7051A126ADB004DE307 /* Info.plist */ = {isa = PBXFileReference; lastKnownFileType = text.plist.xml; path = Info.plist; sourceTree = "<group>"; };
		4E8CA7061A126ADB004DE307 /* AppDelegate.swift */ = {isa = PBXFileReference; lastKnownFileType = sourcecode.swift; path = AppDelegate.swift; sourceTree = "<group>"; };
		4E8CA7081A126ADB004DE307 /* QueueViewController.swift */ = {isa = PBXFileReference; lastKnownFileType = sourcecode.swift; path = QueueViewController.swift; sourceTree = "<group>"; };
		4E8CA70A1A126ADB004DE307 /* ListViewController.swift */ = {isa = PBXFileReference; lastKnownFileType = sourcecode.swift; path = ListViewController.swift; sourceTree = "<group>"; };
		4E8CA70D1A126ADB004DE307 /* Base */ = {isa = PBXFileReference; lastKnownFileType = file.storyboard; name = Base; path = Base.lproj/Main.storyboard; sourceTree = "<group>"; };
		4E8CA70F1A126ADB004DE307 /* Media.xcassets */ = {isa = PBXFileReference; lastKnownFileType = folder.assetcatalog; path = Media.xcassets; sourceTree = "<group>"; };
		4E8CA7121A126ADB004DE307 /* Base */ = {isa = PBXFileReference; lastKnownFileType = file.xib; name = Base; path = Base.lproj/LaunchScreen.xib; sourceTree = "<group>"; };
		4EA2F7651FB2D58000A72195 /* ListDataSource.swift */ = {isa = PBXFileReference; lastKnownFileType = sourcecode.swift; path = ListDataSource.swift; sourceTree = "<group>"; };
		4ED4D4161E9D239A0011C28C /* SuggestionCell.swift */ = {isa = PBXFileReference; fileEncoding = 4; lastKnownFileType = sourcecode.swift; path = SuggestionCell.swift; sourceTree = "<group>"; };
		4ED4D4361EA470C90011C28C /* Podest.swift */ = {isa = PBXFileReference; fileEncoding = 4; lastKnownFileType = sourcecode.swift; lineEnding = 0; path = Podest.swift; sourceTree = "<group>"; xcLanguageSpecificationIdentifier = xcode.lang.swift; };
		4EEF08201E88F48200987BA3 /* Nuke.framework */ = {isa = PBXFileReference; lastKnownFileType = wrapper.framework; name = Nuke.framework; path = "../../Library/Developer/Xcode/DerivedData/podest-cxrwkbilpoiklmejexzjehpjqzub/Build/Products/Debug-iphonesimulator/Nuke.framework"; sourceTree = "<group>"; };
		4EF1A34F1EB837D100E41F84 /* PlaySwitch.swift */ = {isa = PBXFileReference; fileEncoding = 4; lastKnownFileType = sourcecode.swift; path = PlaySwitch.swift; sourceTree = "<group>"; };
		4EF5E0DD1E8E909900A95D3D /* FanboyKit.framework */ = {isa = PBXFileReference; lastKnownFileType = wrapper.framework; name = FanboyKit.framework; path = "../../Library/Developer/Xcode/DerivedData/podest-cxrwkbilpoiklmejexzjehpjqzub/Build/Products/Debug-iphonesimulator/FanboyKit.framework"; sourceTree = "<group>"; };
		4EF5E0DE1E8E909900A95D3D /* FeedKit.framework */ = {isa = PBXFileReference; lastKnownFileType = wrapper.framework; name = FeedKit.framework; path = "../../Library/Developer/Xcode/DerivedData/podest-cxrwkbilpoiklmejexzjehpjqzub/Build/Products/Debug-iphonesimulator/FeedKit.framework"; sourceTree = "<group>"; };
		4EF5E0DF1E8E909900A95D3D /* MangerKit.framework */ = {isa = PBXFileReference; lastKnownFileType = wrapper.framework; name = MangerKit.framework; path = "../../Library/Developer/Xcode/DerivedData/podest-cxrwkbilpoiklmejexzjehpjqzub/Build/Products/Debug-iphonesimulator/MangerKit.framework"; sourceTree = "<group>"; };
		4EF5E0E01E8E909900A95D3D /* Ola.framework */ = {isa = PBXFileReference; lastKnownFileType = wrapper.framework; name = Ola.framework; path = "../../Library/Developer/Xcode/DerivedData/podest-cxrwkbilpoiklmejexzjehpjqzub/Build/Products/Debug-iphonesimulator/Ola.framework"; sourceTree = "<group>"; };
		4EF5E0E11E8E909900A95D3D /* Patron.framework */ = {isa = PBXFileReference; lastKnownFileType = wrapper.framework; name = Patron.framework; path = "../../Library/Developer/Xcode/DerivedData/podest-cxrwkbilpoiklmejexzjehpjqzub/Build/Products/Debug-iphonesimulator/Patron.framework"; sourceTree = "<group>"; };
		4EF5E0E21E8E909900A95D3D /* Skull.framework */ = {isa = PBXFileReference; lastKnownFileType = wrapper.framework; name = Skull.framework; path = "../../Library/Developer/Xcode/DerivedData/podest-cxrwkbilpoiklmejexzjehpjqzub/Build/Products/Debug-iphonesimulator/Skull.framework"; sourceTree = "<group>"; };
		4EFEEBDB1E7465EA00169153 /* MessageView.xib */ = {isa = PBXFileReference; fileEncoding = 4; lastKnownFileType = file.xib; path = MessageView.xib; sourceTree = "<group>"; };
		4EFEEBDD1E75493900169153 /* MessageView.swift */ = {isa = PBXFileReference; fileEncoding = 4; lastKnownFileType = sourcecode.swift; path = MessageView.swift; sourceTree = "<group>"; };
/* End PBXFileReference section */

/* Begin PBXFrameworksBuildPhase section */
		4E8CA6FE1A126ADB004DE307 /* Frameworks */ = {
			isa = PBXFrameworksBuildPhase;
			buildActionMask = 2147483647;
			files = (
				4C233A1525D8617F001782AE /* InsetPresentation in Frameworks */,
				4C937B9A256AD8F1001B406D /* BatchUpdates in Frameworks */,
				4C937B79256AD840001B406D /* Playback in Frameworks */,
				4C937B8F256AD8D2001B406D /* FileProxy in Frameworks */,
				4E765EFE1FA1895100FD6D73 /* CloudKit.framework in Frameworks */,
				4C12D0C3261B717700031140 /* Podcasts in Frameworks */,
				4CF5674C207F362300C77C1D /* StoreKit.framework in Frameworks */,
				4C3D872A25987D0400B93DF4 /* Epic in Frameworks */,
				4C937B84256AD8B2001B406D /* HTMLAttributor in Frameworks */,
				4C937BA1256AD910001B406D /* FeedKit in Frameworks */,
			);
			runOnlyForDeploymentPostprocessing = 0;
		};
/* End PBXFrameworksBuildPhase section */

/* Begin PBXGroup section */
		4C17E47E2504034D0022EF0F /* NowPlaying */ = {
			isa = PBXGroup;
			children = (
				4C3D86F825979C4100B93DF4 /* AirPlayButton.swift */,
				4C17E47A2503F9440022EF0F /* PlayerViewController.swift */,
			);
			path = NowPlaying;
			sourceTree = "<group>";
		};
		4C2DAC1B267A870D0069DD3F /* VideoPlayer */ = {
			isa = PBXGroup;
			children = (
				4C2DAC19267A87080069DD3F /* VideoPlayerHosting.swift */,
			);
			path = VideoPlayer;
			sourceTree = "<group>";
		};
		4C72D4332270A281008F8B96 /* App */ = {
			isa = PBXGroup;
			children = (
				4CF7CB4E25BDE65400356510 /* PlayerTransitioningDelegate.swift */,
				4CF7CB5425BDE69200356510 /* PlayerPresentationController.swift */,
				4E7F291A1E7D799200E12846 /* RootViewController.swift */,
				4ED4D4361EA470C90011C28C /* Podest.swift */,
				4CE1445626223FAD00B60130 /* Gateway.swift */,
				4E8CA7061A126ADB004DE307 /* AppDelegate.swift */,
			);
			path = App;
			sourceTree = "<group>";
		};
		4CB6EEC224253D4B006F09B7 /* MiniPlayer */ = {
			isa = PBXGroup;
			children = (
				4EF1A34F1EB837D100E41F84 /* PlaySwitch.swift */,
				4CB6EEC024252A48006F09B7 /* MiniPlayerContextMenuInteraction.swift */,
				4E7F291E1E7FC11300E12846 /* MiniPlayerViewController.swift */,
				4C2DAC17267A838A0069DD3F /* MiniPlayerHosting.swift */,
				4CB6CF3B22BE7F91002452BF /* TopLine.swift */,
				4E7F29221E7FDE9E00E12846 /* MiniPlayer.storyboard */,
			);
			path = MiniPlayer;
			sourceTree = "<group>";
		};
		4CB6EECC2427416B006F09B7 /* Actions */ = {
			isa = PBXGroup;
			children = (
				4C72D4362270A5DA008F8B96 /* ActionSheetPresenting.swift */,
				4CB6EEC924268AE6006F09B7 /* Unsubscribing.swift */,
				4CB6EECE24274265006F09B7 /* Dequeueing.swift */,
				4CB6EED42428B9FE006F09B7 /* EpisodeContext.swift */,
				4CB6EEC324260F2A006F09B7 /* ListContextMenuInteraction.swift */,
			);
			path = Actions;
			sourceTree = "<group>";
		};
		4CCBF20F20808C4500A7359F /* Store */ = {
			isa = PBXGroup;
			children = (
				4C1F57A620810D850067AB7C /* ProductsViewController.swift */,
				4C07C97521EB0C9600ED8AB0 /* StoreLayout.swift */,
				4C1F57A82081C0690067AB7C /* ProductsDataSource.swift */,
				4CCBF21220809E4C00A7359F /* Store.storyboard */,
				4C3CDC272085A6C300BADBF8 /* StoreButton.swift */,
				4C07C97821EBA69200ED8AB0 /* ArticleCollectionViewCell.swift */,
				4C07C97921EBA69200ED8AB0 /* ArticleCollectionViewCell.xib */,
				4C776B2720847D0900A055CD /* ProductCell.swift */,
				4C776B2820847D0900A055CD /* ProductCell.xib */,
			);
			path = Store;
			sourceTree = "<group>";
		};
		4CD697011FEBC60500349580 /* Podcast */ = {
			isa = PBXGroup;
			children = (
				4C8DCE061FFE75F800A6A61B /* List.storyboard */,
				4E8CA70A1A126ADB004DE307 /* ListViewController.swift */,
				4CA89793231794BD006E16A9 /* ListUpdating.swift */,
				4C377C8A2316D1D70038D9C8 /* ListTableViewDelegate.swift */,
				4EA2F7651FB2D58000A72195 /* ListDataSource.swift */,
				4CA9C291226CDA5C002BCCB5 /* ListOperation.swift */,
				4C1B32CA21E7046A00E57931 /* DisplayTableViewCell.swift */,
				4C1B32CB21E7046A00E57931 /* DisplayTableViewCell.xib */,
				4CB6EED224278050006F09B7 /* MakeList.swift */,
			);
			path = Podcast;
			sourceTree = "<group>";
		};
		4CD697031FEBC66B00349580 /* Player */ = {
			isa = PBXGroup;
			children = (
				4C17E47E2504034D0022EF0F /* NowPlaying */,
				4CB6EEC224253D4B006F09B7 /* MiniPlayer */,
				4C2DAC1B267A870D0069DD3F /* VideoPlayer */,
				4C728DBF20623544005B739C /* PlaybackControlDelegate.swift */,
				4CE8586C21A16B9D00D206FA /* Player.swift */,
			);
			path = Player;
			sourceTree = "<group>";
		};
		4CD697041FEBC68600349580 /* Queue */ = {
			isa = PBXGroup;
			children = (
				4E8CA7081A126ADB004DE307 /* QueueViewController.swift */,
				4CED20DB226C30DE0049B88D /* QueueUpdating.swift */,
				4CED20D9226C2E8D0049B88D /* QueueStoreAccessDelegate.swift */,
				4CED20D7226C2CFC0049B88D /* QueueTableViewDelegate.swift */,
				4E7D10B21F6644DA0048CB43 /* QueueDataSource.swift */,
				4C42D9FA22E827A6007F80E2 /* PieView.swift */,
			);
			path = Queue;
			sourceTree = "<group>";
		};
		4CD697051FEBC6DB00349580 /* Episode */ = {
			isa = PBXGroup;
			children = (
				4E7F29141E7AE1E100E12846 /* Episode.storyboard */,
				4E2EF3151E8D0C39008FE123 /* EpisodeAnimator.swift */,
				4E684D4B1C5F3201004699A1 /* EpisodeViewController.swift */,
				4EFEEBDB1E7465EA00169153 /* MessageView.xib */,
				4EFEEBDD1E75493900169153 /* MessageView.swift */,
				4CB6EED0242771DB006F09B7 /* MakeEpisode.swift */,
			);
			path = Episode;
			sourceTree = "<group>";
		};
		4CD697061FEBC72B00349580 /* Search */ = {
			isa = PBXGroup;
			children = (
				4CFEE33721C7B101008B2EC0 /* SearchControllerProxy.swift */,
				4C351CD01A7F5B7E00C5C88C /* SearchResultsDataSource.swift */,
				4CE20ACB1A31C66C0052C360 /* SearchResultsController.swift */,
				4CB6EEC524266F81006F09B7 /* SearchResultsContextMenu.swift */,
				4CE20ACF1A31EAAD0052C360 /* SuggestionCell.xib */,
				4ED4D4161E9D239A0011C28C /* SuggestionCell.swift */,
				4C17C19C230723480051FE23 /* Home.storyboard */,
				4C17C19E2307F2400051FE23 /* HomePresenting.swift */,
			);
			path = Search;
			sourceTree = "<group>";
		};
		4CD697091FEBC8DB00349580 /* Tables */ = {
			isa = PBXGroup;
			children = (
				4C5F4E7B21CB79A300156D56 /* EntryRowSelectable.swift */,
				4CEC436321D68BD50097FFA7 /* MessageTableViewCell.swift */,
				4CEC436421D68BD50097FFA7 /* MessageTableViewCell.xib */,
				4C21F57D21D8A56500ED5D26 /* SubtitleTableViewCell.swift */,
				4C21F57E21D8A56500ED5D26 /* SubtitleTableViewCell.xib */,
			);
			path = Tables;
			sourceTree = "<group>";
		};
		4CE144582622F03D00B60130 /* Modules */ = {
			isa = PBXGroup;
			children = (
				4CD697061FEBC72B00349580 /* Search */,
				4CD697041FEBC68600349580 /* Queue */,
				4CD697011FEBC60500349580 /* Podcast */,
				4CD697051FEBC6DB00349580 /* Episode */,
				4CD697031FEBC66B00349580 /* Player */,
				4CCBF20F20808C4500A7359F /* Store */,
			);
			path = Modules;
			sourceTree = "<group>";
		};
		4CE144592622F04A00B60130 /* Components */ = {
			isa = PBXGroup;
			children = (
				4CB6EECC2427416B006F09B7 /* Actions */,
				4CE9692521DF291D00AEF409 /* Collections */,
				4CD697091FEBC8DB00349580 /* Tables */,
			);
			path = Components;
			sourceTree = "<group>";
		};
		4CE9692521DF291D00AEF409 /* Collections */ = {
			isa = PBXGroup;
			children = (
				4C6298DF2310FC9800141103 /* Refreshing.swift */,
				4CF2DEA121DDD8E300A0F6EC /* ReusableNib.swift */,
				4C776B1F2084722C00A055CD /* MessageCollectionViewCell.swift */,
				4C776B202084722C00A055CD /* MessageCollectionViewCell.xib */,
			);
			path = Collections;
			sourceTree = "<group>";
		};
		4E0CF69F1DCB353C005E01F9 /* Frameworks */ = {
			isa = PBXGroup;
			children = (
				4C7C3FD922A262B600B77157 /* FeedKit.framework */,
				4C72D43022702ADB008F8B96 /* BatchUpdates.framework */,
				4CED210F226C35980049B88D /* BatchUpdates.framework */,
				4CED210D226C354F0049B88D /* BatchUpdates.framework */,
				4CED210B226C353D0049B88D /* BatchUpdates.framework */,
				4CED2109226C351C0049B88D /* BatchUpdates.framework */,
				4CED2105226C348D0049B88D /* BatchUpdates.framework */,
				4C9AF4CA223AC032000B1C2D /* FileProxy.framework */,
				4C9AF4CC223AC032000B1C2D /* HTMLAttributor.framework */,
				4C9AF4CE223AC032000B1C2D /* Playback.framework */,
				4C5C9E542239715B006DF298 /* FileProxy.framework */,
				4C5C9E4522396FED006DF298 /* fileproxy.framework */,
				4C2EDA4D2239699100528E99 /* HTMLAttributor.framework */,
				4CE9693721DF660C00AEF409 /* FanboyKit.framework */,
				4CE9693921DF660C00AEF409 /* FeedKit.framework */,
				4CE9693B21DF660C00AEF409 /* MangerKit.framework */,
				4CE9693D21DF660C00AEF409 /* Nuke.framework */,
				4CE9693F21DF660C00AEF409 /* Ola.framework */,
				4CE9694121DF660C00AEF409 /* Patron.framework */,
				4CE9694321DF660C00AEF409 /* Playback.framework */,
				4CE9694521DF660C00AEF409 /* Skull.framework */,
				4C6AE31321D0023600476E7E /* FanboyKit.framework */,
				4C6AE31521D0023600476E7E /* FeedKit.framework */,
				4C6AE31721D0023600476E7E /* MangerKit.framework */,
				4C6AE31921D0023600476E7E /* Nuke.framework */,
				4C6AE31B21D0023600476E7E /* Ola.framework */,
				4C6AE31D21D0023600476E7E /* Patron.framework */,
				4C6AE31F21D0023600476E7E /* Playback.framework */,
				4C6AE32121D0023600476E7E /* Skull.framework */,
				4C010A2A2101DBB00006CB53 /* FeedKit.framework */,
				4CF5674B207F362300C77C1D /* StoreKit.framework */,
				4E180FA41F83951A00976A3A /* FanboyKit.framework */,
				4E180FA51F83951A00976A3A /* FeedKit.framework */,
				4E180FA61F83951A00976A3A /* MangerKit.framework */,
				4E180FA71F83951A00976A3A /* Ola.framework */,
				4E180FA81F83951A00976A3A /* Patron.framework */,
				4E180FA91F83951A00976A3A /* Playback.framework */,
				4E180FAA1F83951A00976A3A /* Skull.framework */,
				4E180F9B1F8394CC00976A3A /* Nuke.framework */,
				4E65BB311F13E30600C7F1A3 /* CloudKit.framework */,
				4E5C0F141EF2CC3600B090EF /* Playback.framework */,
				4EF5E0DD1E8E909900A95D3D /* FanboyKit.framework */,
				4EF5E0DE1E8E909900A95D3D /* FeedKit.framework */,
				4EF5E0DF1E8E909900A95D3D /* MangerKit.framework */,
				4EF5E0E01E8E909900A95D3D /* Ola.framework */,
				4EF5E0E11E8E909900A95D3D /* Patron.framework */,
				4EF5E0E21E8E909900A95D3D /* Skull.framework */,
				4EEF08201E88F48200987BA3 /* Nuke.framework */,
			);
			name = Frameworks;
			sourceTree = "<group>";
		};
		4E8CA6F81A126ADB004DE307 = {
			isa = PBXGroup;
			children = (
				4C2CBBB625698C640097AD48 /* CHANGELOG.md */,
				4C2CBBB825698C640097AD48 /* LICENSE */,
				4C2CBBB725698C640097AD48 /* README.md */,
				4CBB836520D667AF008330E2 /* Settings.bundle */,
				4E8CA7031A126ADB004DE307 /* Podest */,
				4E8CA7021A126ADB004DE307 /* Products */,
				4E0CF69F1DCB353C005E01F9 /* Frameworks */,
			);
			sourceTree = "<group>";
		};
		4E8CA7021A126ADB004DE307 /* Products */ = {
			isa = PBXGroup;
			children = (
				4E8CA7011A126ADB004DE307 /* Podest.app */,
			);
			name = Products;
			sourceTree = "<group>";
		};
		4E8CA7031A126ADB004DE307 /* Podest */ = {
			isa = PBXGroup;
			children = (
				4E7E284C1EE1182E00058AB3 /* Podest.entitlements */,
				4C72D4332270A281008F8B96 /* App */,
				4CE144592622F04A00B60130 /* Components */,
				4CE144582622F03D00B60130 /* Modules */,
				4E8CA70C1A126ADB004DE307 /* Main.storyboard */,
				4E8CA70F1A126ADB004DE307 /* Media.xcassets */,
				4E8CA7111A126ADB004DE307 /* LaunchScreen.xib */,
				4E8CA7041A126ADB004DE307 /* Supporting Files */,
			);
			path = Podest;
			sourceTree = "<group>";
		};
		4E8CA7041A126ADB004DE307 /* Supporting Files */ = {
			isa = PBXGroup;
			children = (
				4E8CA7051A126ADB004DE307 /* Info.plist */,
				4C0BE24F1A4C2162004E82BF /* config.json */,
				4CCBF20B20805F5C00A7359F /* products.json */,
			);
			name = "Supporting Files";
			sourceTree = "<group>";
		};
/* End PBXGroup section */

/* Begin PBXNativeTarget section */
		4E8CA7001A126ADB004DE307 /* Podest */ = {
			isa = PBXNativeTarget;
			buildConfigurationList = 4E8CA7221A126ADC004DE307 /* Build configuration list for PBXNativeTarget "Podest" */;
			buildPhases = (
				4E8CA6FD1A126ADB004DE307 /* Sources */,
				4E8CA6FE1A126ADB004DE307 /* Frameworks */,
				4CFE539220DFF1B100DD102F /* ShellScript */,
				4E8CA6FF1A126ADB004DE307 /* Resources */,
				4CB8825B1CC0D44700740102 /* Embed Frameworks */,
			);
			buildRules = (
			);
			dependencies = (
			);
			name = Podest;
			packageProductDependencies = (
				4C937B78256AD840001B406D /* Playback */,
				4C937B83256AD8B2001B406D /* HTMLAttributor */,
				4C937B8E256AD8D2001B406D /* FileProxy */,
				4C937B99256AD8F1001B406D /* BatchUpdates */,
				4C937BA0256AD910001B406D /* FeedKit */,
				4C3D872925987D0400B93DF4 /* Epic */,
				4C233A1425D8617F001782AE /* InsetPresentation */,
				4C12D0C2261B717700031140 /* Podcasts */,
			);
			productName = Podest;
			productReference = 4E8CA7011A126ADB004DE307 /* Podest.app */;
			productType = "com.apple.product-type.application";
		};
/* End PBXNativeTarget section */

/* Begin PBXProject section */
		4E8CA6F91A126ADB004DE307 /* Project object */ = {
			isa = PBXProject;
			attributes = {
				LastSwiftMigration = 0720;
				LastSwiftUpdateCheck = 1020;
				LastUpgradeCheck = 1220;
				ORGANIZATIONNAME = "Michael Nisi";
				TargetAttributes = {
					4E8CA7001A126ADB004DE307 = {
						CreatedOnToolsVersion = 6.1;
						LastSwiftMigration = 1020;
						ProvisioningStyle = Automatic;
						SystemCapabilities = {
							com.apple.BackgroundModes = {
								enabled = 1;
							};
							com.apple.InAppPurchase = {
								enabled = 1;
							};
							com.apple.Push = {
								enabled = 1;
							};
							com.apple.iCloud = {
								enabled = 1;
							};
						};
					};
				};
			};
			buildConfigurationList = 4E8CA6FC1A126ADB004DE307 /* Build configuration list for PBXProject "Podest" */;
			compatibilityVersion = "Xcode 3.2";
			developmentRegion = en;
			hasScannedForEncodings = 0;
			knownRegions = (
				en,
				Base,
			);
			mainGroup = 4E8CA6F81A126ADB004DE307;
			packageReferences = (
				4C937B77256AD840001B406D /* XCRemoteSwiftPackageReference "playback" */,
				4C937B82256AD8B2001B406D /* XCRemoteSwiftPackageReference "hattr" */,
				4C937B8D256AD8D2001B406D /* XCRemoteSwiftPackageReference "fileproxy" */,
				4C937B98256AD8F1001B406D /* XCRemoteSwiftPackageReference "batchupdates" */,
				4C937B9F256AD910001B406D /* XCRemoteSwiftPackageReference "feedkit" */,
				4C3D872825987D0400B93DF4 /* XCRemoteSwiftPackageReference "epic" */,
				4C233A1325D8617F001782AE /* XCRemoteSwiftPackageReference "InsetPresentation" */,
				4C12D0C1261B717700031140 /* XCRemoteSwiftPackageReference "podcasts" */,
			);
			productRefGroup = 4E8CA7021A126ADB004DE307 /* Products */;
			projectDirPath = "";
			projectRoot = "";
			targets = (
				4E8CA7001A126ADB004DE307 /* Podest */,
			);
		};
/* End PBXProject section */

/* Begin PBXResourcesBuildPhase section */
		4E8CA6FF1A126ADB004DE307 /* Resources */ = {
			isa = PBXResourcesBuildPhase;
			buildActionMask = 2147483647;
			files = (
				4CCBF20C20805F5C00A7359F /* products.json in Resources */,
				4C07C97B21EBA69200ED8AB0 /* ArticleCollectionViewCell.xib in Resources */,
				4E8CA70E1A126ADB004DE307 /* Main.storyboard in Resources */,
				4E8CA7131A126ADB004DE307 /* LaunchScreen.xib in Resources */,
				4C8DCE071FFE75F800A6A61B /* List.storyboard in Resources */,
				4CCBF21320809E4C00A7359F /* Store.storyboard in Resources */,
				4C776B222084722C00A055CD /* MessageCollectionViewCell.xib in Resources */,
				4C0BE2501A4C2162004E82BF /* config.json in Resources */,
				4C17C19D230723480051FE23 /* Home.storyboard in Resources */,
				4C21F58021D8A56500ED5D26 /* SubtitleTableViewCell.xib in Resources */,
				4E8CA7101A126ADB004DE307 /* Media.xcassets in Resources */,
				4EFEEBDC1E7465EA00169153 /* MessageView.xib in Resources */,
				4CBB836620D667AF008330E2 /* Settings.bundle in Resources */,
				4E7F29151E7AE1E100E12846 /* Episode.storyboard in Resources */,
				4C776B2A20847D0900A055CD /* ProductCell.xib in Resources */,
				4C1B32CD21E7046A00E57931 /* DisplayTableViewCell.xib in Resources */,
				4CE20AD01A31EAAD0052C360 /* SuggestionCell.xib in Resources */,
				4E7F29231E7FDE9E00E12846 /* MiniPlayer.storyboard in Resources */,
				4CEC436621D68BD50097FFA7 /* MessageTableViewCell.xib in Resources */,
			);
			runOnlyForDeploymentPostprocessing = 0;
		};
/* End PBXResourcesBuildPhase section */

/* Begin PBXShellScriptBuildPhase section */
		4CFE539220DFF1B100DD102F /* ShellScript */ = {
			isa = PBXShellScriptBuildPhase;
			buildActionMask = 2147483647;
			files = (
			);
			inputPaths = (
			);
			outputPaths = (
			);
			runOnlyForDeploymentPostprocessing = 0;
			shellPath = /bin/sh;
			shellScript = "${SOURCE_ROOT}/tools/update_settings\n";
		};
/* End PBXShellScriptBuildPhase section */

/* Begin PBXSourcesBuildPhase section */
		4E8CA6FD1A126ADB004DE307 /* Sources */ = {
			isa = PBXSourcesBuildPhase;
			buildActionMask = 2147483647;
			files = (
				4C2DAC18267A838A0069DD3F /* MiniPlayerHosting.swift in Sources */,
				4C07C97A21EBA69200ED8AB0 /* ArticleCollectionViewCell.swift in Sources */,
				4CF7CB5525BDE69200356510 /* PlayerPresentationController.swift in Sources */,
				4C2DAC1A267A87080069DD3F /* VideoPlayerHosting.swift in Sources */,
				4CE20ACC1A31C66C0052C360 /* SearchResultsController.swift in Sources */,
				4CED20D8226C2CFC0049B88D /* QueueTableViewDelegate.swift in Sources */,
				4CB6EED324278050006F09B7 /* MakeList.swift in Sources */,
				4CA9C292226CDA5C002BCCB5 /* ListOperation.swift in Sources */,
				4C5F4E7C21CB79A300156D56 /* EntryRowSelectable.swift in Sources */,
				4CB6EECA24268AE6006F09B7 /* Unsubscribing.swift in Sources */,
				4EF1A3511EB837D100E41F84 /* PlaySwitch.swift in Sources */,
				4C1F57A92081C0690067AB7C /* ProductsDataSource.swift in Sources */,
				4C776B2920847D0900A055CD /* ProductCell.swift in Sources */,
				4C17E47B2503F9440022EF0F /* PlayerViewController.swift in Sources */,
				4E7D10B31F6644DA0048CB43 /* QueueDataSource.swift in Sources */,
				4E2EF3161E8D0C39008FE123 /* EpisodeAnimator.swift in Sources */,
				4ED4D4171E9D239A0011C28C /* SuggestionCell.swift in Sources */,
				4C17C19F2307F2400051FE23 /* HomePresenting.swift in Sources */,
				4CB6CF3C22BE7F91002452BF /* TopLine.swift in Sources */,
				4E684D4C1C5F3201004699A1 /* EpisodeViewController.swift in Sources */,
				4C3D86F925979C4100B93DF4 /* AirPlayButton.swift in Sources */,
				4E7F291F1E7FC11300E12846 /* MiniPlayerViewController.swift in Sources */,
				4E8CA70B1A126ADB004DE307 /* ListViewController.swift in Sources */,
				4CA89794231794BD006E16A9 /* ListUpdating.swift in Sources */,
				4C21F57F21D8A56500ED5D26 /* SubtitleTableViewCell.swift in Sources */,
				4CB6EED52428B9FE006F09B7 /* EpisodeContext.swift in Sources */,
				4CF2DEA221DDD8E300A0F6EC /* ReusableNib.swift in Sources */,
				4C728DC020623544005B739C /* PlaybackControlDelegate.swift in Sources */,
				4C07C97621EB0C9600ED8AB0 /* StoreLayout.swift in Sources */,
				4CB6EECF24274265006F09B7 /* Dequeueing.swift in Sources */,
				4CE8586D21A16B9D00D206FA /* Player.swift in Sources */,
				4C72D4372270A5DA008F8B96 /* ActionSheetPresenting.swift in Sources */,
				4CFEE33821C7B101008B2EC0 /* SearchControllerProxy.swift in Sources */,
				4C351CD11A7F5B7F00C5C88C /* SearchResultsDataSource.swift in Sources */,
				4CEC436521D68BD50097FFA7 /* MessageTableViewCell.swift in Sources */,
				4CE1445726223FAD00B60130 /* Gateway.swift in Sources */,
				4C776B212084722C00A055CD /* MessageCollectionViewCell.swift in Sources */,
				4C42D9FB22E827A6007F80E2 /* PieView.swift in Sources */,
				4C3CDC282085A6C300BADBF8 /* StoreButton.swift in Sources */,
				4C377C8B2316D1D70038D9C8 /* ListTableViewDelegate.swift in Sources */,
				4EFEEBDE1E75493900169153 /* MessageView.swift in Sources */,
				4ED4D4371EA470C90011C28C /* Podest.swift in Sources */,
				4C1B32CC21E7046A00E57931 /* DisplayTableViewCell.swift in Sources */,
				4CB6EEC624266F81006F09B7 /* SearchResultsContextMenu.swift in Sources */,
				4E8CA7091A126ADB004DE307 /* QueueViewController.swift in Sources */,
				4C6298E02310FC9800141103 /* Refreshing.swift in Sources */,
				4CB6EED1242771DB006F09B7 /* MakeEpisode.swift in Sources */,
				4CB6EEC424260F2A006F09B7 /* ListContextMenuInteraction.swift in Sources */,
				4E7F291B1E7D799200E12846 /* RootViewController.swift in Sources */,
				4CB6EEC124252A48006F09B7 /* MiniPlayerContextMenuInteraction.swift in Sources */,
				4CED20DA226C2E8D0049B88D /* QueueStoreAccessDelegate.swift in Sources */,
				4E8CA7071A126ADB004DE307 /* AppDelegate.swift in Sources */,
				4EA2F7661FB2D58000A72195 /* ListDataSource.swift in Sources */,
				4CED20DC226C30DE0049B88D /* QueueUpdating.swift in Sources */,
				4C1F57A720810D850067AB7C /* ProductsViewController.swift in Sources */,
				4CF7CB4F25BDE65400356510 /* PlayerTransitioningDelegate.swift in Sources */,
			);
			runOnlyForDeploymentPostprocessing = 0;
		};
/* End PBXSourcesBuildPhase section */

/* Begin PBXVariantGroup section */
		4E8CA70C1A126ADB004DE307 /* Main.storyboard */ = {
			isa = PBXVariantGroup;
			children = (
				4E8CA70D1A126ADB004DE307 /* Base */,
			);
			name = Main.storyboard;
			sourceTree = "<group>";
		};
		4E8CA7111A126ADB004DE307 /* LaunchScreen.xib */ = {
			isa = PBXVariantGroup;
			children = (
				4E8CA7121A126ADB004DE307 /* Base */,
			);
			name = LaunchScreen.xib;
			sourceTree = "<group>";
		};
/* End PBXVariantGroup section */

/* Begin XCBuildConfiguration section */
		4E8CA7201A126ADC004DE307 /* Debug */ = {
			isa = XCBuildConfiguration;
			buildSettings = {
				ALWAYS_SEARCH_USER_PATHS = NO;
				CLANG_ANALYZER_LOCALIZABILITY_NONLOCALIZED = YES;
				CLANG_CXX_LANGUAGE_STANDARD = "gnu++0x";
				CLANG_CXX_LIBRARY = "libc++";
				CLANG_ENABLE_MODULES = YES;
				CLANG_ENABLE_OBJC_ARC = YES;
				CLANG_WARN_BLOCK_CAPTURE_AUTORELEASING = YES;
				CLANG_WARN_BOOL_CONVERSION = YES;
				CLANG_WARN_COMMA = YES;
				CLANG_WARN_CONSTANT_CONVERSION = YES;
				CLANG_WARN_DEPRECATED_OBJC_IMPLEMENTATIONS = YES;
				CLANG_WARN_DIRECT_OBJC_ISA_USAGE = YES_ERROR;
				CLANG_WARN_EMPTY_BODY = YES;
				CLANG_WARN_ENUM_CONVERSION = YES;
				CLANG_WARN_INFINITE_RECURSION = YES;
				CLANG_WARN_INT_CONVERSION = YES;
				CLANG_WARN_NON_LITERAL_NULL_CONVERSION = YES;
				CLANG_WARN_OBJC_IMPLICIT_RETAIN_SELF = YES;
				CLANG_WARN_OBJC_LITERAL_CONVERSION = YES;
				CLANG_WARN_OBJC_ROOT_CLASS = YES_ERROR;
				CLANG_WARN_QUOTED_INCLUDE_IN_FRAMEWORK_HEADER = YES;
				CLANG_WARN_RANGE_LOOP_ANALYSIS = YES;
				CLANG_WARN_STRICT_PROTOTYPES = YES;
				CLANG_WARN_SUSPICIOUS_MOVE = YES;
				CLANG_WARN_UNREACHABLE_CODE = YES;
				CLANG_WARN__DUPLICATE_METHOD_MATCH = YES;
				CODE_SIGN_IDENTITY = "iPhone Developer";
				"CODE_SIGN_IDENTITY[sdk=iphoneos*]" = "iPhone Developer";
				COPY_PHASE_STRIP = NO;
				ENABLE_STRICT_OBJC_MSGSEND = YES;
				ENABLE_TESTABILITY = YES;
				GCC_C_LANGUAGE_STANDARD = gnu99;
				GCC_DYNAMIC_NO_PIC = NO;
				GCC_NO_COMMON_BLOCKS = YES;
				GCC_OPTIMIZATION_LEVEL = 0;
				GCC_PREPROCESSOR_DEFINITIONS = (
					"DEBUG=1",
					"$(inherited)",
				);
				GCC_SYMBOLS_PRIVATE_EXTERN = NO;
				GCC_WARN_64_TO_32_BIT_CONVERSION = YES;
				GCC_WARN_ABOUT_RETURN_TYPE = YES_ERROR;
				GCC_WARN_UNDECLARED_SELECTOR = YES;
				GCC_WARN_UNINITIALIZED_AUTOS = YES_AGGRESSIVE;
				GCC_WARN_UNUSED_FUNCTION = YES;
				GCC_WARN_UNUSED_VARIABLE = YES;
				IPHONEOS_DEPLOYMENT_TARGET = 14.0;
				MTL_ENABLE_DEBUG_INFO = YES;
				ONLY_ACTIVE_ARCH = YES;
				SDKROOT = iphoneos;
				SWIFT_OPTIMIZATION_LEVEL = "-Onone";
				SWIFT_VERSION = 4.2;
				TARGETED_DEVICE_FAMILY = "1,2";
			};
			name = Debug;
		};
		4E8CA7211A126ADC004DE307 /* Release */ = {
			isa = XCBuildConfiguration;
			buildSettings = {
				ALWAYS_SEARCH_USER_PATHS = NO;
				CLANG_ANALYZER_LOCALIZABILITY_NONLOCALIZED = YES;
				CLANG_CXX_LANGUAGE_STANDARD = "gnu++0x";
				CLANG_CXX_LIBRARY = "libc++";
				CLANG_ENABLE_MODULES = YES;
				CLANG_ENABLE_OBJC_ARC = YES;
				CLANG_WARN_BLOCK_CAPTURE_AUTORELEASING = YES;
				CLANG_WARN_BOOL_CONVERSION = YES;
				CLANG_WARN_COMMA = YES;
				CLANG_WARN_CONSTANT_CONVERSION = YES;
				CLANG_WARN_DEPRECATED_OBJC_IMPLEMENTATIONS = YES;
				CLANG_WARN_DIRECT_OBJC_ISA_USAGE = YES_ERROR;
				CLANG_WARN_EMPTY_BODY = YES;
				CLANG_WARN_ENUM_CONVERSION = YES;
				CLANG_WARN_INFINITE_RECURSION = YES;
				CLANG_WARN_INT_CONVERSION = YES;
				CLANG_WARN_NON_LITERAL_NULL_CONVERSION = YES;
				CLANG_WARN_OBJC_IMPLICIT_RETAIN_SELF = YES;
				CLANG_WARN_OBJC_LITERAL_CONVERSION = YES;
				CLANG_WARN_OBJC_ROOT_CLASS = YES_ERROR;
				CLANG_WARN_QUOTED_INCLUDE_IN_FRAMEWORK_HEADER = YES;
				CLANG_WARN_RANGE_LOOP_ANALYSIS = YES;
				CLANG_WARN_STRICT_PROTOTYPES = YES;
				CLANG_WARN_SUSPICIOUS_MOVE = YES;
				CLANG_WARN_UNREACHABLE_CODE = YES;
				CLANG_WARN__DUPLICATE_METHOD_MATCH = YES;
				CODE_SIGN_IDENTITY = "iPhone Distribution";
				"CODE_SIGN_IDENTITY[sdk=iphoneos*]" = "iPhone Distribution";
				COPY_PHASE_STRIP = YES;
				ENABLE_NS_ASSERTIONS = NO;
				ENABLE_STRICT_OBJC_MSGSEND = YES;
				GCC_C_LANGUAGE_STANDARD = gnu99;
				GCC_NO_COMMON_BLOCKS = YES;
				GCC_WARN_64_TO_32_BIT_CONVERSION = YES;
				GCC_WARN_ABOUT_RETURN_TYPE = YES_ERROR;
				GCC_WARN_UNDECLARED_SELECTOR = YES;
				GCC_WARN_UNINITIALIZED_AUTOS = YES_AGGRESSIVE;
				GCC_WARN_UNUSED_FUNCTION = YES;
				GCC_WARN_UNUSED_VARIABLE = YES;
				IPHONEOS_DEPLOYMENT_TARGET = 14.0;
				MTL_ENABLE_DEBUG_INFO = NO;
				SDKROOT = iphoneos;
				SWIFT_COMPILATION_MODE = wholemodule;
				SWIFT_OPTIMIZATION_LEVEL = "-O";
				SWIFT_VERSION = 4.2;
				TARGETED_DEVICE_FAMILY = "1,2";
				VALIDATE_PRODUCT = YES;
			};
			name = Release;
		};
		4E8CA7231A126ADC004DE307 /* Debug */ = {
			isa = XCBuildConfiguration;
			buildSettings = {
				ASSETCATALOG_COMPILER_APPICON_NAME = AppIcon;
				CODE_SIGN_ENTITLEMENTS = Podest/Podest.entitlements;
				CODE_SIGN_IDENTITY = "iPhone Developer";
				"CODE_SIGN_IDENTITY[sdk=iphoneos*]" = "iPhone Developer";
				CODE_SIGN_STYLE = Automatic;
				CURRENT_PROJECT_VERSION = 1;
				DEVELOPMENT_TEAM = "";
				ENABLE_BITCODE = NO;
				FRAMEWORK_SEARCH_PATHS = "$(inherited)";
				INFOPLIST_FILE = Podest/Info.plist;
				IPHONEOS_DEPLOYMENT_TARGET = $inherited;
				LD_RUNPATH_SEARCH_PATHS = (
					"$(inherited)",
					"@executable_path/Frameworks",
				);
				PRODUCT_BUNDLE_IDENTIFIER = ink.codes.Podest;
				PRODUCT_NAME = "$(TARGET_NAME)";
				PROVISIONING_PROFILE = "";
				PROVISIONING_PROFILE_SPECIFIER = "";
				SWIFT_VERSION = 5.0;
				TARGETED_DEVICE_FAMILY = "1,2";
				VERSIONING_SYSTEM = "apple-generic";
			};
			name = Debug;
		};
		4E8CA7241A126ADC004DE307 /* Release */ = {
			isa = XCBuildConfiguration;
			buildSettings = {
				ASSETCATALOG_COMPILER_APPICON_NAME = AppIcon;
				CODE_SIGN_ENTITLEMENTS = Podest/Podest.entitlements;
				CODE_SIGN_IDENTITY = "iPhone Developer";
				"CODE_SIGN_IDENTITY[sdk=iphoneos*]" = "iPhone Developer";
				CODE_SIGN_STYLE = Automatic;
				CURRENT_PROJECT_VERSION = 1;
				DEVELOPMENT_TEAM = "";
				ENABLE_BITCODE = NO;
				FRAMEWORK_SEARCH_PATHS = "$(inherited)";
				INFOPLIST_FILE = Podest/Info.plist;
				IPHONEOS_DEPLOYMENT_TARGET = $inherited;
				LD_RUNPATH_SEARCH_PATHS = (
					"$(inherited)",
					"@executable_path/Frameworks",
				);
				PRODUCT_BUNDLE_IDENTIFIER = ink.codes.Podest;
				PRODUCT_NAME = "$(TARGET_NAME)";
				PROVISIONING_PROFILE = "";
				PROVISIONING_PROFILE_SPECIFIER = "";
				SWIFT_VERSION = 5.0;
				TARGETED_DEVICE_FAMILY = "1,2";
				VERSIONING_SYSTEM = "apple-generic";
			};
			name = Release;
		};
/* End XCBuildConfiguration section */

/* Begin XCConfigurationList section */
		4E8CA6FC1A126ADB004DE307 /* Build configuration list for PBXProject "Podest" */ = {
			isa = XCConfigurationList;
			buildConfigurations = (
				4E8CA7201A126ADC004DE307 /* Debug */,
				4E8CA7211A126ADC004DE307 /* Release */,
			);
			defaultConfigurationIsVisible = 0;
			defaultConfigurationName = Release;
		};
		4E8CA7221A126ADC004DE307 /* Build configuration list for PBXNativeTarget "Podest" */ = {
			isa = XCConfigurationList;
			buildConfigurations = (
				4E8CA7231A126ADC004DE307 /* Debug */,
				4E8CA7241A126ADC004DE307 /* Release */,
			);
			defaultConfigurationIsVisible = 0;
			defaultConfigurationName = Release;
		};
/* End XCConfigurationList section */

/* Begin XCRemoteSwiftPackageReference section */
		4C12D0C1261B717700031140 /* XCRemoteSwiftPackageReference "podcasts" */ = {
			isa = XCRemoteSwiftPackageReference;
			repositoryURL = "file:///users/michael/swift/podcasts";
			requirement = {
				branch = master;
				kind = branch;
			};
		};
		4C233A1325D8617F001782AE /* XCRemoteSwiftPackageReference "InsetPresentation" */ = {
			isa = XCRemoteSwiftPackageReference;
			repositoryURL = "https://github.com/michaelnisi/InsetPresentation";
			requirement = {
				kind = upToNextMajorVersion;
				minimumVersion = 1.0.0;
			};
		};
		4C3D872825987D0400B93DF4 /* XCRemoteSwiftPackageReference "epic" */ = {
			isa = XCRemoteSwiftPackageReference;
			repositoryURL = "https://github.com/michaelnisi/epic";
			requirement = {
				kind = upToNextMajorVersion;
				minimumVersion = 1.0.0;
			};
		};
		4C937B77256AD840001B406D /* XCRemoteSwiftPackageReference "playback" */ = {
			isa = XCRemoteSwiftPackageReference;
			repositoryURL = "https://github.com/michaelnisi/playback";
			requirement = {
				kind = upToNextMajorVersion;
				minimumVersion = 11.0.0;
			};
		};
		4C937B82256AD8B2001B406D /* XCRemoteSwiftPackageReference "hattr" */ = {
			isa = XCRemoteSwiftPackageReference;
			repositoryURL = "https://github.com/michaelnisi/hattr";
			requirement = {
				kind = upToNextMajorVersion;
				minimumVersion = 6.0.0;
			};
		};
		4C937B8D256AD8D2001B406D /* XCRemoteSwiftPackageReference "fileproxy" */ = {
			isa = XCRemoteSwiftPackageReference;
			repositoryURL = "https://github.com/michaelnisi/fileproxy";
			requirement = {
				kind = upToNextMajorVersion;
				minimumVersion = 6.0.0;
			};
		};
		4C937B98256AD8F1001B406D /* XCRemoteSwiftPackageReference "batchupdates" */ = {
			isa = XCRemoteSwiftPackageReference;
			repositoryURL = "https://github.com/michaelnisi/batchupdates";
			requirement = {
				kind = upToNextMajorVersion;
				minimumVersion = 4.0.0;
			};
		};
		4C937B9F256AD910001B406D /* XCRemoteSwiftPackageReference "feedkit" */ = {
			isa = XCRemoteSwiftPackageReference;
			repositoryURL = "https://github.com/michaelnisi/feedkit";
			requirement = {
				kind = upToNextMajorVersion;
				minimumVersion = 17.0.0;
			};
		};
/* End XCRemoteSwiftPackageReference section */

/* Begin XCSwiftPackageProductDependency section */
		4C12D0C2261B717700031140 /* Podcasts */ = {
			isa = XCSwiftPackageProductDependency;
			package = 4C12D0C1261B717700031140 /* XCRemoteSwiftPackageReference "podcasts" */;
			productName = Podcasts;
		};
		4C233A1425D8617F001782AE /* InsetPresentation */ = {
			isa = XCSwiftPackageProductDependency;
			package = 4C233A1325D8617F001782AE /* XCRemoteSwiftPackageReference "InsetPresentation" */;
			productName = InsetPresentation;
		};
		4C3D872925987D0400B93DF4 /* Epic */ = {
			isa = XCSwiftPackageProductDependency;
			package = 4C3D872825987D0400B93DF4 /* XCRemoteSwiftPackageReference "epic" */;
			productName = Epic;
		};
		4C937B78256AD840001B406D /* Playback */ = {
			isa = XCSwiftPackageProductDependency;
			package = 4C937B77256AD840001B406D /* XCRemoteSwiftPackageReference "playback" */;
			productName = Playback;
		};
		4C937B83256AD8B2001B406D /* HTMLAttributor */ = {
			isa = XCSwiftPackageProductDependency;
			package = 4C937B82256AD8B2001B406D /* XCRemoteSwiftPackageReference "hattr" */;
			productName = HTMLAttributor;
		};
		4C937B8E256AD8D2001B406D /* FileProxy */ = {
			isa = XCSwiftPackageProductDependency;
			package = 4C937B8D256AD8D2001B406D /* XCRemoteSwiftPackageReference "fileproxy" */;
			productName = FileProxy;
		};
		4C937B99256AD8F1001B406D /* BatchUpdates */ = {
			isa = XCSwiftPackageProductDependency;
			package = 4C937B98256AD8F1001B406D /* XCRemoteSwiftPackageReference "batchupdates" */;
			productName = BatchUpdates;
		};
		4C937BA0256AD910001B406D /* FeedKit */ = {
			isa = XCSwiftPackageProductDependency;
			package = 4C937B9F256AD910001B406D /* XCRemoteSwiftPackageReference "feedkit" */;
			productName = FeedKit;
		};
/* End XCSwiftPackageProductDependency section */
	};
	rootObject = 4E8CA6F91A126ADB004DE307 /* Project object */;
}
