{
  "object": {
    "pins": [
      {
        "package": "BatchUpdates",
        "repositoryURL": "https://github.com/michaelnisi/batchupdates",
        "state": {
          "branch": null,
          "revision": "75cd389b2a4e5bfbdf4b30e6ac46a61f20c1eb5c",
          "version": "4.0.0"
        }
      },
      {
        "package": "Clay",
        "repositoryURL": "https://github.com/michaelnisi/clay",
        "state": {
          "branch": null,
          "revision": "e4c5800275ee3950551d9018b00830042d2cb5a5",
          "version": "2.1.0"
        }
      },
      {
        "package": "Epic",
        "repositoryURL": "https://github.com/michaelnisi/epic",
        "state": {
          "branch": null,
          "revision": "541472a767772b8a82533f93c5d8ca45857fae94",
          "version": "1.1.1"
        }
      },
      {
        "package": "FileProxy",
        "repositoryURL": "https://github.com/michaelnisi/fileproxy",
        "state": {
          "branch": null,
          "revision": "9d62eb93cb80bc8f6ac498929f9fc33651beddce",
          "version": "6.0.0"
        }
      },
      {
        "package": "HTMLAttributor",
        "repositoryURL": "https://github.com/michaelnisi/hattr",
        "state": {
          "branch": null,
          "revision": "7da09acfe0f79c41a6728d0d679c4066c71705b5",
          "version": "6.0.0"
        }
      },
      {
        "package": "InsetPresentation",
        "repositoryURL": "https://github.com/michaelnisi/InsetPresentation",
        "state": {
          "branch": null,
          "revision": "4af0b8204e2b629ce70ed879e4da9e3614aa6b52",
          "version": "1.1.1"
        }
      },
      {
        "package": "Nuke",
        "repositoryURL": "https://github.com/kean/nuke",
        "state": {
          "branch": null,
          "revision": "7f73ceaeacd5df75a7994cd82e165ad9ff1815db",
          "version": "9.6.1"
        }
      },
      {
        "package": "Playback",
        "repositoryURL": "https://github.com/michaelnisi/playback",
        "state": {
          "branch": null,
          "revision": "7e03bba3c0919395cbf5453f245495e3f95bc9b0",
          "version": "12.1.0"
        }
      }
    ]
  },
  "version": 1
}
